<?xml version="1.0" encoding="UTF-8"?>
<!DOCTYPE plist PUBLIC "-//Apple//DTD PLIST 1.0//EN" "http://www.apple.com/DTDs/PropertyList-1.0.dtd">
<plist version="1.0">
<dict>
	<key>archiveVersion</key>
	<string>1</string>
	<key>classes</key>
	<dict/>
	<key>objectVersion</key>
	<string>46</string>
	<key>objects</key>
	<dict>
		<key>0F2E6BBF5AB982E2B26F1690</key>
		<dict>
			<key>children</key>
			<array>
				<string>240A3E7DE1BE1DA550E6BB0F</string>
				<string>7355E5203847E7BAD7BBD0CF</string>
			</array>
			<key>isa</key>
			<string>PBXGroup</string>
			<key>name</key>
			<string>Pods</string>
			<key>sourceTree</key>
			<string>&lt;group&gt;</string>
		</dict>
		<key>152ED65C4E3F94F23828D1F8</key>
		<dict>
			<key>buildActionMask</key>
			<string>2147483647</string>
			<key>files</key>
			<array/>
			<key>inputPaths</key>
			<array/>
			<key>isa</key>
			<string>PBXShellScriptBuildPhase</string>
			<key>name</key>
			<string>Copy Pods Resources</string>
			<key>outputPaths</key>
			<array/>
			<key>runOnlyForDeploymentPostprocessing</key>
			<string>0</string>
			<key>shellPath</key>
			<string>/bin/sh</string>
			<key>shellScript</key>
			<string>"${SRCROOT}/Pods/Target Support Files/Pods-Meizi/Pods-Meizi-resources.sh"
</string>
			<key>showEnvVarsInLog</key>
			<string>0</string>
		</dict>
		<key>240A3E7DE1BE1DA550E6BB0F</key>
		<dict>
			<key>includeInIndex</key>
			<string>1</string>
			<key>isa</key>
			<string>PBXFileReference</string>
			<key>lastKnownFileType</key>
			<string>text.xcconfig</string>
			<key>name</key>
			<string>Pods-Meizi.debug.xcconfig</string>
			<key>path</key>
			<string>Pods/Target Support Files/Pods-Meizi/Pods-Meizi.debug.xcconfig</string>
			<key>sourceTree</key>
			<string>&lt;group&gt;</string>
		</dict>
		<key>2904D6DDAC1B2C5ABAFD918A</key>
		<dict>
			<key>buildActionMask</key>
			<string>2147483647</string>
			<key>files</key>
			<array/>
			<key>inputPaths</key>
			<array/>
			<key>isa</key>
			<string>PBXShellScriptBuildPhase</string>
			<key>name</key>
			<string>Embed Pods Frameworks</string>
			<key>outputPaths</key>
			<array/>
			<key>runOnlyForDeploymentPostprocessing</key>
			<string>0</string>
			<key>shellPath</key>
			<string>/bin/sh</string>
			<key>shellScript</key>
			<string>"${SRCROOT}/Pods/Target Support Files/Pods-Meizi/Pods-Meizi-frameworks.sh"
</string>
			<key>showEnvVarsInLog</key>
			<string>0</string>
		</dict>
		<key>30B4BF70FF517833B8A8ECBF</key>
		<dict>
			<key>buildActionMask</key>
			<string>2147483647</string>
			<key>files</key>
			<array/>
			<key>inputPaths</key>
			<array/>
			<key>isa</key>
			<string>PBXShellScriptBuildPhase</string>
			<key>name</key>
			<string>Check Pods Manifest.lock</string>
			<key>outputPaths</key>
			<array/>
			<key>runOnlyForDeploymentPostprocessing</key>
			<string>0</string>
			<key>shellPath</key>
			<string>/bin/sh</string>
			<key>shellScript</key>
			<string>diff "${PODS_ROOT}/../Podfile.lock" "${PODS_ROOT}/Manifest.lock" &gt; /dev/null
if [[ $? != 0 ]] ; then
    cat &lt;&lt; EOM
error: The sandbox is not in sync with the Podfile.lock. Run 'pod install' or update your CocoaPods installation.
EOM
    exit 1
fi
</string>
			<key>showEnvVarsInLog</key>
			<string>0</string>
		</dict>
		<key>35226F35392E40CB05C38B27</key>
		<dict>
			<key>fileRef</key>
			<string>92D7A6FC5AA61DC1795BF15E</string>
			<key>isa</key>
			<string>PBXBuildFile</string>
		</dict>
		<key>62894ABC69E3FA73693CBE1C</key>
		<dict>
			<key>children</key>
			<array>
				<string>92D7A6FC5AA61DC1795BF15E</string>
			</array>
			<key>isa</key>
			<string>PBXGroup</string>
			<key>name</key>
			<string>Frameworks</string>
			<key>sourceTree</key>
			<string>&lt;group&gt;</string>
		</dict>
		<key>7355E5203847E7BAD7BBD0CF</key>
		<dict>
			<key>includeInIndex</key>
			<string>1</string>
			<key>isa</key>
			<string>PBXFileReference</string>
			<key>lastKnownFileType</key>
			<string>text.xcconfig</string>
			<key>name</key>
			<string>Pods-Meizi.release.xcconfig</string>
			<key>path</key>
			<string>Pods/Target Support Files/Pods-Meizi/Pods-Meizi.release.xcconfig</string>
			<key>sourceTree</key>
			<string>&lt;group&gt;</string>
		</dict>
		<key>7D2221171C780A5C00309078</key>
		<dict>
			<key>children</key>
			<array>
				<string>7D4375E31B5508D3001CEBC9</string>
				<string>7D4375E41B5508D3001CEBC9</string>
			</array>
			<key>isa</key>
			<string>PBXGroup</string>
			<key>name</key>
			<string>Request</string>
			<key>sourceTree</key>
			<string>&lt;group&gt;</string>
		</dict>
		<key>7D4375DC1B54FAFB001CEBC9</key>
		<dict>
			<key>children</key>
			<array>
				<string>7D4375DD1B54FB0F001CEBC9</string>
				<string>7D8A0AA51B58B46F001EDD42</string>
			</array>
			<key>isa</key>
			<string>PBXGroup</string>
			<key>name</key>
			<string>Module</string>
			<key>sourceTree</key>
			<string>&lt;group&gt;</string>
		</dict>
		<key>7D4375DD1B54FB0F001CEBC9</key>
		<dict>
			<key>children</key>
			<array>
				<string>7D2221171C780A5C00309078</string>
				<string>7D4375E91B550BCB001CEBC9</string>
				<string>7D4375DF1B54FB4F001CEBC9</string>
				<string>7D4375DE1B54FB4A001CEBC9</string>
			</array>
			<key>isa</key>
			<string>PBXGroup</string>
			<key>name</key>
			<string>Meizi</string>
			<key>sourceTree</key>
			<string>&lt;group&gt;</string>
		</dict>
		<key>7D4375DE1B54FB4A001CEBC9</key>
		<dict>
			<key>children</key>
			<array>
				<string>7D4375E01B54FB72001CEBC9</string>
				<string>7D4375E11B54FB72001CEBC9</string>
			</array>
			<key>isa</key>
			<string>PBXGroup</string>
			<key>name</key>
			<string>Controller</string>
			<key>sourceTree</key>
			<string>&lt;group&gt;</string>
		</dict>
		<key>7D4375DF1B54FB4F001CEBC9</key>
		<dict>
			<key>children</key>
			<array>
				<string>7D93B87A1ACFDD2900453452</string>
				<string>7D93B87B1ACFDD2900453452</string>
			</array>
			<key>isa</key>
			<string>PBXGroup</string>
			<key>name</key>
			<string>Model</string>
			<key>sourceTree</key>
			<string>&lt;group&gt;</string>
		</dict>
		<key>7D4375E01B54FB72001CEBC9</key>
		<dict>
			<key>fileEncoding</key>
			<string>4</string>
			<key>isa</key>
			<string>PBXFileReference</string>
			<key>lastKnownFileType</key>
			<string>sourcecode.c.h</string>
			<key>path</key>
			<string>MeiziViewController.h</string>
			<key>sourceTree</key>
			<string>&lt;group&gt;</string>
		</dict>
		<key>7D4375E11B54FB72001CEBC9</key>
		<dict>
			<key>fileEncoding</key>
			<string>4</string>
			<key>isa</key>
			<string>PBXFileReference</string>
			<key>lastKnownFileType</key>
			<string>sourcecode.c.objc</string>
			<key>path</key>
			<string>MeiziViewController.m</string>
			<key>sourceTree</key>
			<string>&lt;group&gt;</string>
		</dict>
		<key>7D4375E21B54FB72001CEBC9</key>
		<dict>
			<key>fileRef</key>
			<string>7D4375E11B54FB72001CEBC9</string>
			<key>isa</key>
			<string>PBXBuildFile</string>
		</dict>
		<key>7D4375E31B5508D3001CEBC9</key>
		<dict>
			<key>fileEncoding</key>
			<string>4</string>
			<key>isa</key>
			<string>PBXFileReference</string>
			<key>lastKnownFileType</key>
			<string>sourcecode.c.h</string>
			<key>path</key>
			<string>MeiziRequest.h</string>
			<key>sourceTree</key>
			<string>&lt;group&gt;</string>
		</dict>
		<key>7D4375E41B5508D3001CEBC9</key>
		<dict>
			<key>fileEncoding</key>
			<string>4</string>
			<key>isa</key>
			<string>PBXFileReference</string>
			<key>lastKnownFileType</key>
			<string>sourcecode.c.objc</string>
			<key>path</key>
			<string>MeiziRequest.m</string>
			<key>sourceTree</key>
			<string>&lt;group&gt;</string>
		</dict>
		<key>7D4375E51B5508D3001CEBC9</key>
		<dict>
			<key>fileRef</key>
			<string>7D4375E41B5508D3001CEBC9</string>
			<key>isa</key>
			<string>PBXBuildFile</string>
		</dict>
		<key>7D4375E61B550BC6001CEBC9</key>
		<dict>
			<key>fileEncoding</key>
			<string>4</string>
			<key>isa</key>
			<string>PBXFileReference</string>
			<key>lastKnownFileType</key>
			<string>sourcecode.c.h</string>
			<key>path</key>
			<string>MeiziCell.h</string>
			<key>sourceTree</key>
			<string>&lt;group&gt;</string>
		</dict>
		<key>7D4375E71B550BC6001CEBC9</key>
		<dict>
			<key>fileEncoding</key>
			<string>4</string>
			<key>isa</key>
			<string>PBXFileReference</string>
			<key>lastKnownFileType</key>
			<string>sourcecode.c.objc</string>
			<key>path</key>
			<string>MeiziCell.m</string>
			<key>sourceTree</key>
			<string>&lt;group&gt;</string>
		</dict>
		<key>7D4375E81B550BC6001CEBC9</key>
		<dict>
			<key>fileRef</key>
			<string>7D4375E71B550BC6001CEBC9</string>
			<key>isa</key>
			<string>PBXBuildFile</string>
		</dict>
		<key>7D4375E91B550BCB001CEBC9</key>
		<dict>
			<key>children</key>
			<array>
				<string>7D4375E61B550BC6001CEBC9</string>
				<string>7D4375E71B550BC6001CEBC9</string>
				<string>7D760CDA1CAE87C8009A295C</string>
				<string>7D760CDB1CAE87C8009A295C</string>
			</array>
			<key>isa</key>
			<string>PBXGroup</string>
			<key>name</key>
			<string>View</string>
			<key>sourceTree</key>
			<string>&lt;group&gt;</string>
		</dict>
		<key>7D465E5D1AD03D5F00D68ED7</key>
		<dict>
			<key>isa</key>
			<string>PBXFileReference</string>
			<key>lastKnownFileType</key>
			<string>sourcecode.c.h</string>
			<key>path</key>
			<string>PrefixHeader.pch</string>
			<key>sourceTree</key>
			<string>&lt;group&gt;</string>
		</dict>
		<key>7D75F9781CAF5EFE00D703E3</key>
		<dict>
			<key>fileEncoding</key>
			<string>4</string>
			<key>isa</key>
			<string>PBXFileReference</string>
			<key>lastKnownFileType</key>
			<string>sourcecode.c.h</string>
			<key>path</key>
			<string>SYNetwork.h</string>
			<key>sourceTree</key>
			<string>&lt;group&gt;</string>
		</dict>
		<key>7D75F9791CAF5EFE00D703E3</key>
		<dict>
			<key>fileEncoding</key>
			<string>4</string>
			<key>isa</key>
			<string>PBXFileReference</string>
			<key>lastKnownFileType</key>
			<string>sourcecode.c.h</string>
			<key>path</key>
			<string>SYNetworkUtil.h</string>
			<key>sourceTree</key>
			<string>&lt;group&gt;</string>
		</dict>
		<key>7D75F97A1CAF5EFE00D703E3</key>
		<dict>
			<key>fileEncoding</key>
			<string>4</string>
			<key>isa</key>
			<string>PBXFileReference</string>
			<key>lastKnownFileType</key>
			<string>sourcecode.c.objc</string>
			<key>path</key>
			<string>SYNetworkUtil.m</string>
			<key>sourceTree</key>
			<string>&lt;group&gt;</string>
		</dict>
		<key>7D75F97B1CAF5EFE00D703E3</key>
		<dict>
			<key>fileEncoding</key>
			<string>4</string>
			<key>isa</key>
			<string>PBXFileReference</string>
			<key>lastKnownFileType</key>
			<string>sourcecode.c.h</string>
			<key>path</key>
			<string>SYNetworkConfig.h</string>
			<key>sourceTree</key>
			<string>&lt;group&gt;</string>
		</dict>
		<key>7D75F97C1CAF5EFE00D703E3</key>
		<dict>
			<key>fileEncoding</key>
			<string>4</string>
			<key>isa</key>
			<string>PBXFileReference</string>
			<key>lastKnownFileType</key>
			<string>sourcecode.c.objc</string>
			<key>path</key>
			<string>SYNetworkConfig.m</string>
			<key>sourceTree</key>
			<string>&lt;group&gt;</string>
		</dict>
		<key>7D75F97D1CAF5EFE00D703E3</key>
		<dict>
			<key>fileEncoding</key>
			<string>4</string>
			<key>isa</key>
			<string>PBXFileReference</string>
			<key>lastKnownFileType</key>
			<string>sourcecode.c.h</string>
			<key>path</key>
			<string>SYNetworkCacheManager.h</string>
			<key>sourceTree</key>
			<string>&lt;group&gt;</string>
		</dict>
		<key>7D75F97E1CAF5EFE00D703E3</key>
		<dict>
			<key>fileEncoding</key>
			<string>4</string>
			<key>isa</key>
			<string>PBXFileReference</string>
			<key>lastKnownFileType</key>
			<string>sourcecode.c.objc</string>
			<key>path</key>
			<string>SYNetworkCacheManager.m</string>
			<key>sourceTree</key>
			<string>&lt;group&gt;</string>
		</dict>
		<key>7D75F97F1CAF5EFE00D703E3</key>
		<dict>
			<key>fileEncoding</key>
			<string>4</string>
			<key>isa</key>
			<string>PBXFileReference</string>
			<key>lastKnownFileType</key>
			<string>sourcecode.c.h</string>
			<key>path</key>
			<string>SYBaseRequest.h</string>
			<key>sourceTree</key>
			<string>&lt;group&gt;</string>
		</dict>
		<key>7D75F9801CAF5EFE00D703E3</key>
		<dict>
			<key>fileEncoding</key>
			<string>4</string>
			<key>isa</key>
			<string>PBXFileReference</string>
			<key>lastKnownFileType</key>
			<string>sourcecode.c.objc</string>
			<key>path</key>
			<string>SYBaseRequest.m</string>
			<key>sourceTree</key>
			<string>&lt;group&gt;</string>
		</dict>
		<key>7D75F9811CAF5EFE00D703E3</key>
		<dict>
			<key>fileEncoding</key>
			<string>4</string>
			<key>isa</key>
			<string>PBXFileReference</string>
			<key>lastKnownFileType</key>
			<string>sourcecode.c.h</string>
			<key>path</key>
			<string>SYNetworkManager.h</string>
			<key>sourceTree</key>
			<string>&lt;group&gt;</string>
		</dict>
		<key>7D75F9821CAF5EFE00D703E3</key>
		<dict>
			<key>fileEncoding</key>
			<string>4</string>
			<key>isa</key>
			<string>PBXFileReference</string>
			<key>lastKnownFileType</key>
			<string>sourcecode.c.objc</string>
			<key>path</key>
			<string>SYNetworkManager.m</string>
			<key>sourceTree</key>
			<string>&lt;group&gt;</string>
		</dict>
		<key>7D75F9831CAF5EFE00D703E3</key>
		<dict>
			<key>fileEncoding</key>
			<string>4</string>
			<key>isa</key>
			<string>PBXFileReference</string>
			<key>lastKnownFileType</key>
			<string>sourcecode.c.h</string>
			<key>path</key>
			<string>SYBatchRequest.h</string>
			<key>sourceTree</key>
			<string>&lt;group&gt;</string>
		</dict>
		<key>7D75F9841CAF5EFE00D703E3</key>
		<dict>
			<key>fileEncoding</key>
			<string>4</string>
			<key>isa</key>
			<string>PBXFileReference</string>
			<key>lastKnownFileType</key>
			<string>sourcecode.c.objc</string>
			<key>path</key>
			<string>SYBatchRequest.m</string>
			<key>sourceTree</key>
			<string>&lt;group&gt;</string>
		</dict>
		<key>7D75F9851CAF5EFE00D703E3</key>
		<dict>
			<key>fileEncoding</key>
			<string>4</string>
			<key>isa</key>
			<string>PBXFileReference</string>
			<key>lastKnownFileType</key>
			<string>sourcecode.c.h</string>
			<key>path</key>
			<string>SYBatchRequestManager.h</string>
			<key>sourceTree</key>
			<string>&lt;group&gt;</string>
		</dict>
		<key>7D75F9861CAF5EFE00D703E3</key>
		<dict>
			<key>fileEncoding</key>
			<string>4</string>
			<key>isa</key>
			<string>PBXFileReference</string>
			<key>lastKnownFileType</key>
			<string>sourcecode.c.objc</string>
			<key>path</key>
			<string>SYBatchRequestManager.m</string>
			<key>sourceTree</key>
			<string>&lt;group&gt;</string>
		</dict>
		<key>7D75F9871CAF5EFE00D703E3</key>
		<dict>
			<key>fileEncoding</key>
			<string>4</string>
			<key>isa</key>
			<string>PBXFileReference</string>
			<key>lastKnownFileType</key>
			<string>sourcecode.c.h</string>
			<key>path</key>
			<string>SYChainRequest.h</string>
			<key>sourceTree</key>
			<string>&lt;group&gt;</string>
		</dict>
		<key>7D75F9881CAF5EFE00D703E3</key>
		<dict>
			<key>fileEncoding</key>
			<string>4</string>
			<key>isa</key>
			<string>PBXFileReference</string>
			<key>lastKnownFileType</key>
			<string>sourcecode.c.objc</string>
			<key>path</key>
			<string>SYChainRequest.m</string>
			<key>sourceTree</key>
			<string>&lt;group&gt;</string>
		</dict>
		<key>7D75F9891CAF5EFE00D703E3</key>
		<dict>
			<key>fileEncoding</key>
			<string>4</string>
			<key>isa</key>
			<string>PBXFileReference</string>
			<key>lastKnownFileType</key>
			<string>sourcecode.c.h</string>
			<key>path</key>
			<string>SYChainRequestManager.h</string>
			<key>sourceTree</key>
			<string>&lt;group&gt;</string>
		</dict>
		<key>7D75F98A1CAF5EFE00D703E3</key>
		<dict>
			<key>fileEncoding</key>
			<string>4</string>
			<key>isa</key>
			<string>PBXFileReference</string>
			<key>lastKnownFileType</key>
			<string>sourcecode.c.objc</string>
			<key>path</key>
			<string>SYChainRequestManager.m</string>
			<key>sourceTree</key>
			<string>&lt;group&gt;</string>
		</dict>
		<key>7D75F98B1CAF5EFE00D703E3</key>
		<dict>
			<key>fileRef</key>
			<string>7D75F97A1CAF5EFE00D703E3</string>
			<key>isa</key>
			<string>PBXBuildFile</string>
		</dict>
		<key>7D75F98C1CAF5EFE00D703E3</key>
		<dict>
			<key>fileRef</key>
			<string>7D75F97C1CAF5EFE00D703E3</string>
			<key>isa</key>
			<string>PBXBuildFile</string>
		</dict>
		<key>7D75F98D1CAF5EFE00D703E3</key>
		<dict>
			<key>fileRef</key>
			<string>7D75F97E1CAF5EFE00D703E3</string>
			<key>isa</key>
			<string>PBXBuildFile</string>
		</dict>
		<key>7D75F98E1CAF5EFE00D703E3</key>
		<dict>
			<key>fileRef</key>
			<string>7D75F9801CAF5EFE00D703E3</string>
			<key>isa</key>
			<string>PBXBuildFile</string>
		</dict>
		<key>7D75F98F1CAF5EFE00D703E3</key>
		<dict>
			<key>fileRef</key>
			<string>7D75F9821CAF5EFE00D703E3</string>
			<key>isa</key>
			<string>PBXBuildFile</string>
		</dict>
		<key>7D75F9901CAF5EFE00D703E3</key>
		<dict>
			<key>fileRef</key>
			<string>7D75F9841CAF5EFE00D703E3</string>
			<key>isa</key>
			<string>PBXBuildFile</string>
		</dict>
		<key>7D75F9911CAF5EFE00D703E3</key>
		<dict>
			<key>fileRef</key>
			<string>7D75F9861CAF5EFE00D703E3</string>
			<key>isa</key>
			<string>PBXBuildFile</string>
		</dict>
		<key>7D75F9921CAF5EFE00D703E3</key>
		<dict>
			<key>fileRef</key>
			<string>7D75F9881CAF5EFE00D703E3</string>
			<key>isa</key>
			<string>PBXBuildFile</string>
		</dict>
		<key>7D75F9931CAF5EFE00D703E3</key>
		<dict>
			<key>fileRef</key>
			<string>7D75F98A1CAF5EFE00D703E3</string>
			<key>isa</key>
			<string>PBXBuildFile</string>
		</dict>
		<key>7D760CBD1CAE81FF009A295C</key>
		<dict>
			<key>children</key>
			<array>
				<string>7D75F9781CAF5EFE00D703E3</string>
				<string>7D75F9791CAF5EFE00D703E3</string>
				<string>7D75F97A1CAF5EFE00D703E3</string>
				<string>7D75F97B1CAF5EFE00D703E3</string>
				<string>7D75F97C1CAF5EFE00D703E3</string>
				<string>7D75F97D1CAF5EFE00D703E3</string>
				<string>7D75F97E1CAF5EFE00D703E3</string>
				<string>7D75F97F1CAF5EFE00D703E3</string>
				<string>7D75F9801CAF5EFE00D703E3</string>
				<string>7D75F9811CAF5EFE00D703E3</string>
				<string>7D75F9821CAF5EFE00D703E3</string>
				<string>7D75F9831CAF5EFE00D703E3</string>
				<string>7D75F9841CAF5EFE00D703E3</string>
				<string>7D75F9851CAF5EFE00D703E3</string>
				<string>7D75F9861CAF5EFE00D703E3</string>
				<string>7D75F9871CAF5EFE00D703E3</string>
				<string>7D75F9881CAF5EFE00D703E3</string>
				<string>7D75F9891CAF5EFE00D703E3</string>
				<string>7D75F98A1CAF5EFE00D703E3</string>
			</array>
			<key>isa</key>
			<string>PBXGroup</string>
			<key>path</key>
			<string>SYNetwork</string>
			<key>sourceTree</key>
			<string>&lt;group&gt;</string>
		</dict>
		<key>7D760CDA1CAE87C8009A295C</key>
		<dict>
			<key>fileEncoding</key>
			<string>4</string>
			<key>isa</key>
			<string>PBXFileReference</string>
			<key>lastKnownFileType</key>
			<string>sourcecode.c.h</string>
			<key>path</key>
			<string>MeiziCategoryMenuView.h</string>
			<key>sourceTree</key>
			<string>&lt;group&gt;</string>
		</dict>
		<key>7D760CDB1CAE87C8009A295C</key>
		<dict>
			<key>fileEncoding</key>
			<string>4</string>
			<key>isa</key>
			<string>PBXFileReference</string>
			<key>lastKnownFileType</key>
			<string>sourcecode.c.objc</string>
			<key>path</key>
			<string>MeiziCategoryMenuView.m</string>
			<key>sourceTree</key>
			<string>&lt;group&gt;</string>
		</dict>
		<key>7D760CDC1CAE87C8009A295C</key>
		<dict>
			<key>fileRef</key>
			<string>7D760CDB1CAE87C8009A295C</string>
			<key>isa</key>
			<string>PBXBuildFile</string>
		</dict>
		<key>7D8A0AA51B58B46F001EDD42</key>
		<dict>
			<key>children</key>
			<array>
				<string>7D8A0AA91B58B6FB001EDD42</string>
			</array>
			<key>isa</key>
			<string>PBXGroup</string>
			<key>name</key>
			<string>Setting</string>
			<key>sourceTree</key>
			<string>&lt;group&gt;</string>
		</dict>
		<key>7D8A0AA61B58B482001EDD42</key>
		<dict>
			<key>fileEncoding</key>
			<string>4</string>
			<key>isa</key>
			<string>PBXFileReference</string>
			<key>lastKnownFileType</key>
			<string>sourcecode.c.h</string>
			<key>path</key>
			<string>SettingViewController.h</string>
			<key>sourceTree</key>
			<string>&lt;group&gt;</string>
		</dict>
		<key>7D8A0AA71B58B482001EDD42</key>
		<dict>
			<key>fileEncoding</key>
			<string>4</string>
			<key>isa</key>
			<string>PBXFileReference</string>
			<key>lastKnownFileType</key>
			<string>sourcecode.c.objc</string>
			<key>path</key>
			<string>SettingViewController.m</string>
			<key>sourceTree</key>
			<string>&lt;group&gt;</string>
		</dict>
		<key>7D8A0AA81B58B482001EDD42</key>
		<dict>
			<key>fileRef</key>
			<string>7D8A0AA71B58B482001EDD42</string>
			<key>isa</key>
			<string>PBXBuildFile</string>
		</dict>
		<key>7D8A0AA91B58B6FB001EDD42</key>
		<dict>
			<key>children</key>
			<array>
				<string>7D8A0AA61B58B482001EDD42</string>
				<string>7D8A0AA71B58B482001EDD42</string>
			</array>
			<key>isa</key>
			<string>PBXGroup</string>
			<key>name</key>
			<string>Controller</string>
			<key>sourceTree</key>
			<string>&lt;group&gt;</string>
		</dict>
		<key>7D93B8401ACFD7CF00453452</key>
		<dict>
			<key>children</key>
			<array>
				<string>7D93B84B1ACFD7CF00453452</string>
				<string>7D93B84A1ACFD7CF00453452</string>
				<string>62894ABC69E3FA73693CBE1C</string>
				<string>0F2E6BBF5AB982E2B26F1690</string>
			</array>
			<key>isa</key>
			<string>PBXGroup</string>
			<key>sourceTree</key>
			<string>&lt;group&gt;</string>
		</dict>
		<key>7D93B8411ACFD7CF00453452</key>
		<dict>
			<key>attributes</key>
			<dict>
				<key>LastUpgradeCheck</key>
				<string>0720</string>
				<key>ORGANIZATIONNAME</key>
				<string>Sunnyyoung</string>
				<key>TargetAttributes</key>
				<dict>
					<key>7D93B8481ACFD7CF00453452</key>
					<dict>
						<key>CreatedOnToolsVersion</key>
						<string>6.2</string>
					</dict>
				</dict>
			</dict>
			<key>buildConfigurationList</key>
			<string>7D93B8441ACFD7CF00453452</string>
			<key>compatibilityVersion</key>
			<string>Xcode 3.2</string>
			<key>developmentRegion</key>
			<string>English</string>
			<key>hasScannedForEncodings</key>
			<string>0</string>
			<key>isa</key>
			<string>PBXProject</string>
			<key>knownRegions</key>
			<array>
				<string>en</string>
				<string>Base</string>
			</array>
			<key>mainGroup</key>
			<string>7D93B8401ACFD7CF00453452</string>
			<key>productRefGroup</key>
			<string>7D93B84A1ACFD7CF00453452</string>
			<key>projectDirPath</key>
			<string></string>
			<key>projectReferences</key>
			<array/>
			<key>projectRoot</key>
			<string></string>
			<key>targets</key>
			<array>
				<string>7D93B8481ACFD7CF00453452</string>
			</array>
		</dict>
		<key>7D93B8441ACFD7CF00453452</key>
		<dict>
			<key>buildConfigurations</key>
			<array>
				<string>7D93B86A1ACFD7CF00453452</string>
				<string>7D93B86B1ACFD7CF00453452</string>
			</array>
			<key>defaultConfigurationIsVisible</key>
			<string>0</string>
			<key>defaultConfigurationName</key>
			<string>Release</string>
			<key>isa</key>
			<string>XCConfigurationList</string>
		</dict>
		<key>7D93B8451ACFD7CF00453452</key>
		<dict>
			<key>buildActionMask</key>
			<string>2147483647</string>
			<key>files</key>
			<array>
				<string>7D93B87C1ACFDD2900453452</string>
				<string>7D75F98F1CAF5EFE00D703E3</string>
				<string>7D75F9901CAF5EFE00D703E3</string>
				<string>7D75F9921CAF5EFE00D703E3</string>
				<string>7D75F98B1CAF5EFE00D703E3</string>
				<string>7D4375E21B54FB72001CEBC9</string>
				<string>7D93B8521ACFD7CF00453452</string>
				<string>7D75F98D1CAF5EFE00D703E3</string>
				<string>7D75F9931CAF5EFE00D703E3</string>
				<string>7D93B84F1ACFD7CF00453452</string>
				<string>7D75F98E1CAF5EFE00D703E3</string>
				<string>7D75F9911CAF5EFE00D703E3</string>
				<string>7D4375E81B550BC6001CEBC9</string>
				<string>7D4375E51B5508D3001CEBC9</string>
				<string>7D8A0AA81B58B482001EDD42</string>
				<string>7D75F98C1CAF5EFE00D703E3</string>
				<string>7D760CDC1CAE87C8009A295C</string>
			</array>
			<key>isa</key>
			<string>PBXSourcesBuildPhase</string>
			<key>runOnlyForDeploymentPostprocessing</key>
			<string>0</string>
		</dict>
		<key>7D93B8461ACFD7CF00453452</key>
		<dict>
			<key>buildActionMask</key>
			<string>2147483647</string>
			<key>files</key>
			<array>
				<string>35226F35392E40CB05C38B27</string>
			</array>
			<key>isa</key>
			<string>PBXFrameworksBuildPhase</string>
			<key>runOnlyForDeploymentPostprocessing</key>
			<string>0</string>
		</dict>
		<key>7D93B8471ACFD7CF00453452</key>
		<dict>
			<key>buildActionMask</key>
			<string>2147483647</string>
			<key>files</key>
			<array>
				<string>7D93B8581ACFD7CF00453452</string>
				<string>7D93B85A1ACFD7CF00453452</string>
			</array>
			<key>isa</key>
			<string>PBXResourcesBuildPhase</string>
			<key>runOnlyForDeploymentPostprocessing</key>
			<string>0</string>
		</dict>
		<key>7D93B8481ACFD7CF00453452</key>
		<dict>
			<key>buildConfigurationList</key>
			<string>7D93B86C1ACFD7CF00453452</string>
			<key>buildPhases</key>
			<array>
				<string>30B4BF70FF517833B8A8ECBF</string>
				<string>7D93B8451ACFD7CF00453452</string>
				<string>7D93B8461ACFD7CF00453452</string>
				<string>7D93B8471ACFD7CF00453452</string>
				<string>152ED65C4E3F94F23828D1F8</string>
				<string>2904D6DDAC1B2C5ABAFD918A</string>
			</array>
			<key>buildRules</key>
			<array/>
			<key>dependencies</key>
			<array/>
			<key>isa</key>
			<string>PBXNativeTarget</string>
			<key>name</key>
			<string>Meizi</string>
			<key>productName</key>
			<string>Meizi</string>
			<key>productReference</key>
			<string>7D93B8491ACFD7CF00453452</string>
			<key>productType</key>
			<string>com.apple.product-type.application</string>
		</dict>
		<key>7D93B8491ACFD7CF00453452</key>
		<dict>
			<key>explicitFileType</key>
			<string>wrapper.application</string>
			<key>includeInIndex</key>
			<string>0</string>
			<key>isa</key>
			<string>PBXFileReference</string>
			<key>path</key>
			<string>Meizi.app</string>
			<key>sourceTree</key>
			<string>BUILT_PRODUCTS_DIR</string>
		</dict>
		<key>7D93B84A1ACFD7CF00453452</key>
		<dict>
			<key>children</key>
			<array>
				<string>7D93B8491ACFD7CF00453452</string>
			</array>
			<key>isa</key>
			<string>PBXGroup</string>
			<key>name</key>
			<string>Products</string>
			<key>sourceTree</key>
			<string>&lt;group&gt;</string>
		</dict>
		<key>7D93B84B1ACFD7CF00453452</key>
		<dict>
			<key>children</key>
			<array>
				<string>7D93B8501ACFD7CF00453452</string>
				<string>7D93B8511ACFD7CF00453452</string>
				<string>7D93B8561ACFD7CF00453452</string>
				<string>7D93B8721ACFD9CE00453452</string>
				<string>7D4375DC1B54FAFB001CEBC9</string>
				<string>7D93B8591ACFD7CF00453452</string>
				<string>7D93B84C1ACFD7CF00453452</string>
			</array>
			<key>isa</key>
			<string>PBXGroup</string>
			<key>path</key>
			<string>Meizi</string>
			<key>sourceTree</key>
			<string>&lt;group&gt;</string>
		</dict>
		<key>7D93B84C1ACFD7CF00453452</key>
		<dict>
			<key>children</key>
			<array>
				<string>7D93B84D1ACFD7CF00453452</string>
				<string>7D93B84E1ACFD7CF00453452</string>
				<string>7D465E5D1AD03D5F00D68ED7</string>
			</array>
			<key>isa</key>
			<string>PBXGroup</string>
			<key>name</key>
			<string>Supporting Files</string>
			<key>sourceTree</key>
			<string>&lt;group&gt;</string>
		</dict>
		<key>7D93B84D1ACFD7CF00453452</key>
		<dict>
			<key>isa</key>
			<string>PBXFileReference</string>
			<key>lastKnownFileType</key>
			<string>text.plist.xml</string>
			<key>path</key>
			<string>Info.plist</string>
			<key>sourceTree</key>
			<string>&lt;group&gt;</string>
		</dict>
		<key>7D93B84E1ACFD7CF00453452</key>
		<dict>
			<key>isa</key>
			<string>PBXFileReference</string>
			<key>lastKnownFileType</key>
			<string>sourcecode.c.objc</string>
			<key>path</key>
			<string>main.m</string>
			<key>sourceTree</key>
			<string>&lt;group&gt;</string>
		</dict>
		<key>7D93B84F1ACFD7CF00453452</key>
		<dict>
			<key>fileRef</key>
			<string>7D93B84E1ACFD7CF00453452</string>
			<key>isa</key>
			<string>PBXBuildFile</string>
		</dict>
		<key>7D93B8501ACFD7CF00453452</key>
		<dict>
			<key>isa</key>
			<string>PBXFileReference</string>
			<key>lastKnownFileType</key>
			<string>sourcecode.c.h</string>
			<key>path</key>
			<string>AppDelegate.h</string>
			<key>sourceTree</key>
			<string>&lt;group&gt;</string>
		</dict>
		<key>7D93B8511ACFD7CF00453452</key>
		<dict>
			<key>isa</key>
			<string>PBXFileReference</string>
			<key>lastKnownFileType</key>
			<string>sourcecode.c.objc</string>
			<key>path</key>
			<string>AppDelegate.m</string>
			<key>sourceTree</key>
			<string>&lt;group&gt;</string>
		</dict>
		<key>7D93B8521ACFD7CF00453452</key>
		<dict>
			<key>fileRef</key>
			<string>7D93B8511ACFD7CF00453452</string>
			<key>isa</key>
			<string>PBXBuildFile</string>
		</dict>
		<key>7D93B8561ACFD7CF00453452</key>
		<dict>
			<key>children</key>
			<array>
				<string>7D93B8571ACFD7CF00453452</string>
			</array>
			<key>isa</key>
			<string>PBXVariantGroup</string>
			<key>name</key>
			<string>Main.storyboard</string>
			<key>sourceTree</key>
			<string>&lt;group&gt;</string>
		</dict>
		<key>7D93B8571ACFD7CF00453452</key>
		<dict>
			<key>isa</key>
			<string>PBXFileReference</string>
			<key>lastKnownFileType</key>
			<string>file.storyboard</string>
			<key>name</key>
			<string>Base</string>
			<key>path</key>
			<string>Base.lproj/Main.storyboard</string>
			<key>sourceTree</key>
			<string>&lt;group&gt;</string>
		</dict>
		<key>7D93B8581ACFD7CF00453452</key>
		<dict>
			<key>fileRef</key>
			<string>7D93B8561ACFD7CF00453452</string>
			<key>isa</key>
			<string>PBXBuildFile</string>
		</dict>
		<key>7D93B8591ACFD7CF00453452</key>
		<dict>
			<key>isa</key>
			<string>PBXFileReference</string>
			<key>lastKnownFileType</key>
			<string>folder.assetcatalog</string>
			<key>path</key>
			<string>Images.xcassets</string>
			<key>sourceTree</key>
			<string>&lt;group&gt;</string>
		</dict>
		<key>7D93B85A1ACFD7CF00453452</key>
		<dict>
			<key>fileRef</key>
			<string>7D93B8591ACFD7CF00453452</string>
			<key>isa</key>
			<string>PBXBuildFile</string>
		</dict>
		<key>7D93B86A1ACFD7CF00453452</key>
		<dict>
			<key>buildSettings</key>
			<dict>
				<key>ALWAYS_SEARCH_USER_PATHS</key>
				<string>NO</string>
				<key>CLANG_CXX_LANGUAGE_STANDARD</key>
				<string>gnu++0x</string>
				<key>CLANG_CXX_LIBRARY</key>
				<string>libc++</string>
				<key>CLANG_ENABLE_MODULES</key>
				<string>YES</string>
				<key>CLANG_ENABLE_OBJC_ARC</key>
				<string>YES</string>
				<key>CLANG_WARN_BOOL_CONVERSION</key>
				<string>YES</string>
				<key>CLANG_WARN_CONSTANT_CONVERSION</key>
				<string>YES</string>
				<key>CLANG_WARN_DIRECT_OBJC_ISA_USAGE</key>
				<string>YES_ERROR</string>
				<key>CLANG_WARN_EMPTY_BODY</key>
				<string>YES</string>
				<key>CLANG_WARN_ENUM_CONVERSION</key>
				<string>YES</string>
				<key>CLANG_WARN_INT_CONVERSION</key>
				<string>YES</string>
				<key>CLANG_WARN_OBJC_ROOT_CLASS</key>
				<string>YES_ERROR</string>
				<key>CLANG_WARN_UNREACHABLE_CODE</key>
				<string>YES</string>
				<key>CLANG_WARN__DUPLICATE_METHOD_MATCH</key>
				<string>YES</string>
				<key>CODE_SIGN_IDENTITY[sdk=iphoneos*]</key>
				<string>iPhone Developer</string>
				<key>COPY_PHASE_STRIP</key>
				<string>NO</string>
				<key>ENABLE_STRICT_OBJC_MSGSEND</key>
				<string>YES</string>
				<key>ENABLE_TESTABILITY</key>
				<string>YES</string>
				<key>GCC_C_LANGUAGE_STANDARD</key>
				<string>gnu99</string>
				<key>GCC_DYNAMIC_NO_PIC</key>
				<string>NO</string>
				<key>GCC_OPTIMIZATION_LEVEL</key>
				<string>0</string>
				<key>GCC_PREPROCESSOR_DEFINITIONS</key>
				<array>
					<string>DEBUG=1</string>
					<string>$(inherited)</string>
				</array>
				<key>GCC_SYMBOLS_PRIVATE_EXTERN</key>
				<string>NO</string>
				<key>GCC_WARN_64_TO_32_BIT_CONVERSION</key>
				<string>YES</string>
				<key>GCC_WARN_ABOUT_RETURN_TYPE</key>
				<string>YES_ERROR</string>
				<key>GCC_WARN_UNDECLARED_SELECTOR</key>
				<string>YES</string>
				<key>GCC_WARN_UNINITIALIZED_AUTOS</key>
				<string>YES_AGGRESSIVE</string>
				<key>GCC_WARN_UNUSED_FUNCTION</key>
				<string>YES</string>
				<key>GCC_WARN_UNUSED_VARIABLE</key>
				<string>YES</string>
				<key>IPHONEOS_DEPLOYMENT_TARGET</key>
				<string>9.2</string>
				<key>MTL_ENABLE_DEBUG_INFO</key>
				<string>YES</string>
				<key>ONLY_ACTIVE_ARCH</key>
				<string>YES</string>
				<key>SDKROOT</key>
				<string>iphoneos</string>
			</dict>
			<key>isa</key>
			<string>XCBuildConfiguration</string>
			<key>name</key>
			<string>Debug</string>
		</dict>
		<key>7D93B86B1ACFD7CF00453452</key>
		<dict>
			<key>buildSettings</key>
			<dict>
				<key>ALWAYS_SEARCH_USER_PATHS</key>
				<string>NO</string>
				<key>CLANG_CXX_LANGUAGE_STANDARD</key>
				<string>gnu++0x</string>
				<key>CLANG_CXX_LIBRARY</key>
				<string>libc++</string>
				<key>CLANG_ENABLE_MODULES</key>
				<string>YES</string>
				<key>CLANG_ENABLE_OBJC_ARC</key>
				<string>YES</string>
				<key>CLANG_WARN_BOOL_CONVERSION</key>
				<string>YES</string>
				<key>CLANG_WARN_CONSTANT_CONVERSION</key>
				<string>YES</string>
				<key>CLANG_WARN_DIRECT_OBJC_ISA_USAGE</key>
				<string>YES_ERROR</string>
				<key>CLANG_WARN_EMPTY_BODY</key>
				<string>YES</string>
				<key>CLANG_WARN_ENUM_CONVERSION</key>
				<string>YES</string>
				<key>CLANG_WARN_INT_CONVERSION</key>
				<string>YES</string>
				<key>CLANG_WARN_OBJC_ROOT_CLASS</key>
				<string>YES_ERROR</string>
				<key>CLANG_WARN_UNREACHABLE_CODE</key>
				<string>YES</string>
				<key>CLANG_WARN__DUPLICATE_METHOD_MATCH</key>
				<string>YES</string>
				<key>CODE_SIGN_IDENTITY[sdk=iphoneos*]</key>
				<string>iPhone Developer</string>
				<key>COPY_PHASE_STRIP</key>
				<string>NO</string>
				<key>ENABLE_NS_ASSERTIONS</key>
				<string>NO</string>
				<key>ENABLE_STRICT_OBJC_MSGSEND</key>
				<string>YES</string>
				<key>GCC_C_LANGUAGE_STANDARD</key>
				<string>gnu99</string>
				<key>GCC_WARN_64_TO_32_BIT_CONVERSION</key>
				<string>YES</string>
				<key>GCC_WARN_ABOUT_RETURN_TYPE</key>
				<string>YES_ERROR</string>
				<key>GCC_WARN_UNDECLARED_SELECTOR</key>
				<string>YES</string>
				<key>GCC_WARN_UNINITIALIZED_AUTOS</key>
				<string>YES_AGGRESSIVE</string>
				<key>GCC_WARN_UNUSED_FUNCTION</key>
				<string>YES</string>
				<key>GCC_WARN_UNUSED_VARIABLE</key>
				<string>YES</string>
				<key>IPHONEOS_DEPLOYMENT_TARGET</key>
				<string>9.2</string>
				<key>MTL_ENABLE_DEBUG_INFO</key>
				<string>NO</string>
				<key>SDKROOT</key>
				<string>iphoneos</string>
				<key>VALIDATE_PRODUCT</key>
				<string>YES</string>
			</dict>
			<key>isa</key>
			<string>XCBuildConfiguration</string>
			<key>name</key>
			<string>Release</string>
		</dict>
		<key>7D93B86C1ACFD7CF00453452</key>
		<dict>
			<key>buildConfigurations</key>
			<array>
				<string>7D93B86D1ACFD7CF00453452</string>
				<string>7D93B86E1ACFD7CF00453452</string>
			</array>
			<key>defaultConfigurationIsVisible</key>
			<string>0</string>
			<key>defaultConfigurationName</key>
			<string>Release</string>
			<key>isa</key>
			<string>XCConfigurationList</string>
		</dict>
		<key>7D93B86D1ACFD7CF00453452</key>
		<dict>
			<key>baseConfigurationReference</key>
			<string>240A3E7DE1BE1DA550E6BB0F</string>
			<key>buildSettings</key>
			<dict>
				<key>ASSETCATALOG_COMPILER_APPICON_NAME</key>
				<string>AppIcon</string>
				<key>ASSETCATALOG_COMPILER_LAUNCHIMAGE_NAME</key>
				<string>LaunchImage</string>
				<key>GCC_PRECOMPILE_PREFIX_HEADER</key>
				<string>YES</string>
				<key>GCC_PREFIX_HEADER</key>
				<string>$(SRCROOT)/Meizi/PrefixHeader.pch</string>
				<key>INFOPLIST_FILE</key>
				<string>Meizi/Info.plist</string>
				<key>IPHONEOS_DEPLOYMENT_TARGET</key>
				<string>8.0</string>
				<key>LD_RUNPATH_SEARCH_PATHS</key>
				<string>$(inherited) @executable_path/Frameworks</string>
				<key>PRODUCT_BUNDLE_IDENTIFIER</key>
				<string>net.sunnyyoung.$(PRODUCT_NAME:rfc1034identifier)</string>
				<key>PRODUCT_NAME</key>
				<string>$(TARGET_NAME)</string>
				<key>TARGETED_DEVICE_FAMILY</key>
				<string>1,2</string>
			</dict>
			<key>isa</key>
			<string>XCBuildConfiguration</string>
			<key>name</key>
			<string>Debug</string>
		</dict>
		<key>7D93B86E1ACFD7CF00453452</key>
		<dict>
			<key>baseConfigurationReference</key>
			<string>7355E5203847E7BAD7BBD0CF</string>
			<key>buildSettings</key>
			<dict>
				<key>ASSETCATALOG_COMPILER_APPICON_NAME</key>
				<string>AppIcon</string>
				<key>ASSETCATALOG_COMPILER_LAUNCHIMAGE_NAME</key>
				<string>LaunchImage</string>
				<key>GCC_PRECOMPILE_PREFIX_HEADER</key>
				<string>YES</string>
				<key>GCC_PREFIX_HEADER</key>
				<string>$(SRCROOT)/Meizi/PrefixHeader.pch</string>
				<key>INFOPLIST_FILE</key>
				<string>Meizi/Info.plist</string>
				<key>IPHONEOS_DEPLOYMENT_TARGET</key>
				<string>8.0</string>
				<key>LD_RUNPATH_SEARCH_PATHS</key>
				<string>$(inherited) @executable_path/Frameworks</string>
				<key>PRODUCT_BUNDLE_IDENTIFIER</key>
				<string>net.sunnyyoung.$(PRODUCT_NAME:rfc1034identifier)</string>
				<key>PRODUCT_NAME</key>
				<string>$(TARGET_NAME)</string>
				<key>TARGETED_DEVICE_FAMILY</key>
				<string>1,2</string>
			</dict>
			<key>isa</key>
			<string>XCBuildConfiguration</string>
			<key>name</key>
			<string>Release</string>
		</dict>
		<key>7D93B8721ACFD9CE00453452</key>
		<dict>
			<key>children</key>
			<array>
				<string>7D93B8761ACFDA1F00453452</string>
				<string>7D760CBD1CAE81FF009A295C</string>
			</array>
			<key>isa</key>
			<string>PBXGroup</string>
			<key>name</key>
			<string>Util</string>
			<key>sourceTree</key>
			<string>&lt;group&gt;</string>
		</dict>
		<key>7D93B8761ACFDA1F00453452</key>
		<dict>
			<key>isa</key>
			<string>PBXFileReference</string>
			<key>lastKnownFileType</key>
			<string>sourcecode.c.h</string>
			<key>path</key>
			<string>Constant.h</string>
			<key>sourceTree</key>
			<string>&lt;group&gt;</string>
		</dict>
		<key>7D93B87A1ACFDD2900453452</key>
		<dict>
			<key>fileEncoding</key>
			<string>4</string>
			<key>isa</key>
			<string>PBXFileReference</string>
			<key>lastKnownFileType</key>
			<string>sourcecode.c.h</string>
			<key>path</key>
			<string>Meizi.h</string>
			<key>sourceTree</key>
			<string>&lt;group&gt;</string>
		</dict>
		<key>7D93B87B1ACFDD2900453452</key>
		<dict>
			<key>fileEncoding</key>
			<string>4</string>
			<key>isa</key>
			<string>PBXFileReference</string>
			<key>lastKnownFileType</key>
			<string>sourcecode.c.objc</string>
			<key>path</key>
			<string>Meizi.m</string>
			<key>sourceTree</key>
			<string>&lt;group&gt;</string>
		</dict>
		<key>7D93B87C1ACFDD2900453452</key>
		<dict>
			<key>fileRef</key>
			<string>7D93B87B1ACFDD2900453452</string>
			<key>isa</key>
			<string>PBXBuildFile</string>
		</dict>
		<key>92D7A6FC5AA61DC1795BF15E</key>
		<dict>
			<key>explicitFileType</key>
			<string>archive.ar</string>
			<key>includeInIndex</key>
			<string>0</string>
			<key>isa</key>
			<string>PBXFileReference</string>
			<key>path</key>
			<string>libPods-Meizi.a</string>
			<key>sourceTree</key>
			<string>BUILT_PRODUCTS_DIR</string>
		</dict>
	</dict>
	<key>rootObject</key>
	<string>7D93B8411ACFD7CF00453452</string>
</dict>
</plist>
