// !$*UTF8*$!
{
	archiveVersion = 1;
	classes = {
	};
	objectVersion = 46;
	objects = {

/* Begin PBXBuildFile section */
		7D4375E21B54FB72001CEBC9 /* MeiziViewController.m in Sources */ = {isa = PBXBuildFile; fileRef = 7D4375E11B54FB72001CEBC9 /* MeiziViewController.m */; };
		7D4375E51B5508D3001CEBC9 /* MeiziRequest.m in Sources */ = {isa = PBXBuildFile; fileRef = 7D4375E41B5508D3001CEBC9 /* MeiziRequest.m */; };
		7D4375E81B550BC6001CEBC9 /* MeiziCell.m in Sources */ = {isa = PBXBuildFile; fileRef = 7D4375E71B550BC6001CEBC9 /* MeiziCell.m */; };
		7D75F98B1CAF5EFE00D703E3 /* SYNetworkUtil.m in Sources */ = {isa = PBXBuildFile; fileRef = 7D75F97A1CAF5EFE00D703E3 /* SYNetworkUtil.m */; };
		7D75F98C1CAF5EFE00D703E3 /* SYNetworkConfig.m in Sources */ = {isa = PBXBuildFile; fileRef = 7D75F97C1CAF5EFE00D703E3 /* SYNetworkConfig.m */; };
		7D75F98D1CAF5EFE00D703E3 /* SYNetworkCacheManager.m in Sources */ = {isa = PBXBuildFile; fileRef = 7D75F97E1CAF5EFE00D703E3 /* SYNetworkCacheManager.m */; };
		7D75F98E1CAF5EFE00D703E3 /* SYBaseRequest.m in Sources */ = {isa = PBXBuildFile; fileRef = 7D75F9801CAF5EFE00D703E3 /* SYBaseRequest.m */; };
		7D75F98F1CAF5EFE00D703E3 /* SYNetworkManager.m in Sources */ = {isa = PBXBuildFile; fileRef = 7D75F9821CAF5EFE00D703E3 /* SYNetworkManager.m */; };
		7D75F9901CAF5EFE00D703E3 /* SYBatchRequest.m in Sources */ = {isa = PBXBuildFile; fileRef = 7D75F9841CAF5EFE00D703E3 /* SYBatchRequest.m */; };
		7D75F9911CAF5EFE00D703E3 /* SYBatchRequestManager.m in Sources */ = {isa = PBXBuildFile; fileRef = 7D75F9861CAF5EFE00D703E3 /* SYBatchRequestManager.m */; };
		7D75F9921CAF5EFE00D703E3 /* SYChainRequest.m in Sources */ = {isa = PBXBuildFile; fileRef = 7D75F9881CAF5EFE00D703E3 /* SYChainRequest.m */; };
		7D75F9931CAF5EFE00D703E3 /* SYChainRequestManager.m in Sources */ = {isa = PBXBuildFile; fileRef = 7D75F98A1CAF5EFE00D703E3 /* SYChainRequestManager.m */; };
		7D8910AF1E174B1900C481F2 /* Main.storyboard in Resources */ = {isa = PBXBuildFile; fileRef = 7D8910AE1E174B1900C481F2 /* Main.storyboard */; };
		7D8A0AA81B58B482001EDD42 /* SettingViewController.m in Sources */ = {isa = PBXBuildFile; fileRef = 7D8A0AA71B58B482001EDD42 /* SettingViewController.m */; };
		7D93B84F1ACFD7CF00453452 /* main.m in Sources */ = {isa = PBXBuildFile; fileRef = 7D93B84E1ACFD7CF00453452 /* main.m */; };
		7D93B8521ACFD7CF00453452 /* AppDelegate.m in Sources */ = {isa = PBXBuildFile; fileRef = 7D93B8511ACFD7CF00453452 /* AppDelegate.m */; };
		7D93B85A1ACFD7CF00453452 /* Images.xcassets in Resources */ = {isa = PBXBuildFile; fileRef = 7D93B8591ACFD7CF00453452 /* Images.xcassets */; };
		7D93B87C1ACFDD2900453452 /* Meizi.m in Sources */ = {isa = PBXBuildFile; fileRef = 7D93B87B1ACFDD2900453452 /* Meizi.m */; };
		7DBA59001CF8297D00014AA7 /* SYNavigationDropdownMenu.m in Sources */ = {isa = PBXBuildFile; fileRef = 7DBA58FF1CF8297D00014AA7 /* SYNavigationDropdownMenu.m */; };
		7DEC22431E14C0640025EDB6 /* CacheSizeLabel.m in Sources */ = {isa = PBXBuildFile; fileRef = 7DEC22421E14C0640025EDB6 /* CacheSizeLabel.m */; };
		7DEC22691E14F0C20025EDB6 /* CacheSizeLabel+Manager.m in Sources */ = {isa = PBXBuildFile; fileRef = 7DEC22681E14F0C20025EDB6 /* CacheSizeLabel+Manager.m */; };
		8CC1A7B2217C26AF575414CE /* libPods-Meizi.a in Frameworks */ = {isa = PBXBuildFile; fileRef = 984A8C8F98D66E63CB10F4CE /* libPods-Meizi.a */; };
		E32FE7C71CF5DA83004655AB /* Launch Screen.storyboard in Resources */ = {isa = PBXBuildFile; fileRef = E32FE7C61CF5DA83004655AB /* Launch Screen.storyboard */; };
/* End PBXBuildFile section */

/* Begin PBXFileReference section */
		5A4C5BD92C73BE61966DCAAD /* Pods-Meizi.release.xcconfig */ = {isa = PBXFileReference; includeInIndex = 1; lastKnownFileType = text.xcconfig; name = "Pods-Meizi.release.xcconfig"; path = "Pods/Target Support Files/Pods-Meizi/Pods-Meizi.release.xcconfig"; sourceTree = "<group>"; };
		7D4375E01B54FB72001CEBC9 /* MeiziViewController.h */ = {isa = PBXFileReference; fileEncoding = 4; lastKnownFileType = sourcecode.c.h; path = MeiziViewController.h; sourceTree = "<group>"; };
		7D4375E11B54FB72001CEBC9 /* MeiziViewController.m */ = {isa = PBXFileReference; fileEncoding = 4; lastKnownFileType = sourcecode.c.objc; path = MeiziViewController.m; sourceTree = "<group>"; };
		7D4375E31B5508D3001CEBC9 /* MeiziRequest.h */ = {isa = PBXFileReference; fileEncoding = 4; lastKnownFileType = sourcecode.c.h; path = MeiziRequest.h; sourceTree = "<group>"; };
		7D4375E41B5508D3001CEBC9 /* MeiziRequest.m */ = {isa = PBXFileReference; fileEncoding = 4; lastKnownFileType = sourcecode.c.objc; path = MeiziRequest.m; sourceTree = "<group>"; };
		7D4375E61B550BC6001CEBC9 /* MeiziCell.h */ = {isa = PBXFileReference; fileEncoding = 4; lastKnownFileType = sourcecode.c.h; path = MeiziCell.h; sourceTree = "<group>"; };
		7D4375E71B550BC6001CEBC9 /* MeiziCell.m */ = {isa = PBXFileReference; fileEncoding = 4; lastKnownFileType = sourcecode.c.objc; path = MeiziCell.m; sourceTree = "<group>"; };
		7D465E5D1AD03D5F00D68ED7 /* PrefixHeader.pch */ = {isa = PBXFileReference; lastKnownFileType = sourcecode.c.h; path = PrefixHeader.pch; sourceTree = "<group>"; };
		7D75F9781CAF5EFE00D703E3 /* SYNetwork.h */ = {isa = PBXFileReference; fileEncoding = 4; lastKnownFileType = sourcecode.c.h; path = SYNetwork.h; sourceTree = "<group>"; };
		7D75F9791CAF5EFE00D703E3 /* SYNetworkUtil.h */ = {isa = PBXFileReference; fileEncoding = 4; lastKnownFileType = sourcecode.c.h; path = SYNetworkUtil.h; sourceTree = "<group>"; };
		7D75F97A1CAF5EFE00D703E3 /* SYNetworkUtil.m */ = {isa = PBXFileReference; fileEncoding = 4; lastKnownFileType = sourcecode.c.objc; path = SYNetworkUtil.m; sourceTree = "<group>"; };
		7D75F97B1CAF5EFE00D703E3 /* SYNetworkConfig.h */ = {isa = PBXFileReference; fileEncoding = 4; lastKnownFileType = sourcecode.c.h; path = SYNetworkConfig.h; sourceTree = "<group>"; };
		7D75F97C1CAF5EFE00D703E3 /* SYNetworkConfig.m */ = {isa = PBXFileReference; fileEncoding = 4; lastKnownFileType = sourcecode.c.objc; path = SYNetworkConfig.m; sourceTree = "<group>"; };
		7D75F97D1CAF5EFE00D703E3 /* SYNetworkCacheManager.h */ = {isa = PBXFileReference; fileEncoding = 4; lastKnownFileType = sourcecode.c.h; path = SYNetworkCacheManager.h; sourceTree = "<group>"; };
		7D75F97E1CAF5EFE00D703E3 /* SYNetworkCacheManager.m */ = {isa = PBXFileReference; fileEncoding = 4; lastKnownFileType = sourcecode.c.objc; path = SYNetworkCacheManager.m; sourceTree = "<group>"; };
		7D75F97F1CAF5EFE00D703E3 /* SYBaseRequest.h */ = {isa = PBXFileReference; fileEncoding = 4; lastKnownFileType = sourcecode.c.h; path = SYBaseRequest.h; sourceTree = "<group>"; };
		7D75F9801CAF5EFE00D703E3 /* SYBaseRequest.m */ = {isa = PBXFileReference; fileEncoding = 4; lastKnownFileType = sourcecode.c.objc; path = SYBaseRequest.m; sourceTree = "<group>"; };
		7D75F9811CAF5EFE00D703E3 /* SYNetworkManager.h */ = {isa = PBXFileReference; fileEncoding = 4; lastKnownFileType = sourcecode.c.h; path = SYNetworkManager.h; sourceTree = "<group>"; };
		7D75F9821CAF5EFE00D703E3 /* SYNetworkManager.m */ = {isa = PBXFileReference; fileEncoding = 4; lastKnownFileType = sourcecode.c.objc; path = SYNetworkManager.m; sourceTree = "<group>"; };
		7D75F9831CAF5EFE00D703E3 /* SYBatchRequest.h */ = {isa = PBXFileReference; fileEncoding = 4; lastKnownFileType = sourcecode.c.h; path = SYBatchRequest.h; sourceTree = "<group>"; };
		7D75F9841CAF5EFE00D703E3 /* SYBatchRequest.m */ = {isa = PBXFileReference; fileEncoding = 4; lastKnownFileType = sourcecode.c.objc; path = SYBatchRequest.m; sourceTree = "<group>"; };
		7D75F9851CAF5EFE00D703E3 /* SYBatchRequestManager.h */ = {isa = PBXFileReference; fileEncoding = 4; lastKnownFileType = sourcecode.c.h; path = SYBatchRequestManager.h; sourceTree = "<group>"; };
		7D75F9861CAF5EFE00D703E3 /* SYBatchRequestManager.m */ = {isa = PBXFileReference; fileEncoding = 4; lastKnownFileType = sourcecode.c.objc; path = SYBatchRequestManager.m; sourceTree = "<group>"; };
		7D75F9871CAF5EFE00D703E3 /* SYChainRequest.h */ = {isa = PBXFileReference; fileEncoding = 4; lastKnownFileType = sourcecode.c.h; path = SYChainRequest.h; sourceTree = "<group>"; };
		7D75F9881CAF5EFE00D703E3 /* SYChainRequest.m */ = {isa = PBXFileReference; fileEncoding = 4; lastKnownFileType = sourcecode.c.objc; path = SYChainRequest.m; sourceTree = "<group>"; };
		7D75F9891CAF5EFE00D703E3 /* SYChainRequestManager.h */ = {isa = PBXFileReference; fileEncoding = 4; lastKnownFileType = sourcecode.c.h; path = SYChainRequestManager.h; sourceTree = "<group>"; };
		7D75F98A1CAF5EFE00D703E3 /* SYChainRequestManager.m */ = {isa = PBXFileReference; fileEncoding = 4; lastKnownFileType = sourcecode.c.objc; path = SYChainRequestManager.m; sourceTree = "<group>"; };
		7D8910AE1E174B1900C481F2 /* Main.storyboard */ = {isa = PBXFileReference; fileEncoding = 4; lastKnownFileType = file.storyboard; path = Main.storyboard; sourceTree = "<group>"; };
		7D8A0AA61B58B482001EDD42 /* SettingViewController.h */ = {isa = PBXFileReference; fileEncoding = 4; lastKnownFileType = sourcecode.c.h; path = SettingViewController.h; sourceTree = "<group>"; };
		7D8A0AA71B58B482001EDD42 /* SettingViewController.m */ = {isa = PBXFileReference; fileEncoding = 4; lastKnownFileType = sourcecode.c.objc; path = SettingViewController.m; sourceTree = "<group>"; };
		7D93B8491ACFD7CF00453452 /* Meizi.app */ = {isa = PBXFileReference; explicitFileType = wrapper.application; includeInIndex = 0; path = Meizi.app; sourceTree = BUILT_PRODUCTS_DIR; };
		7D93B84D1ACFD7CF00453452 /* Info.plist */ = {isa = PBXFileReference; lastKnownFileType = text.plist.xml; path = Info.plist; sourceTree = "<group>"; };
		7D93B84E1ACFD7CF00453452 /* main.m */ = {isa = PBXFileReference; lastKnownFileType = sourcecode.c.objc; path = main.m; sourceTree = "<group>"; };
		7D93B8501ACFD7CF00453452 /* AppDelegate.h */ = {isa = PBXFileReference; lastKnownFileType = sourcecode.c.h; path = AppDelegate.h; sourceTree = "<group>"; };
		7D93B8511ACFD7CF00453452 /* AppDelegate.m */ = {isa = PBXFileReference; lastKnownFileType = sourcecode.c.objc; path = AppDelegate.m; sourceTree = "<group>"; };
		7D93B8591ACFD7CF00453452 /* Images.xcassets */ = {isa = PBXFileReference; lastKnownFileType = folder.assetcatalog; path = Images.xcassets; sourceTree = "<group>"; };
		7D93B87A1ACFDD2900453452 /* Meizi.h */ = {isa = PBXFileReference; fileEncoding = 4; lastKnownFileType = sourcecode.c.h; path = Meizi.h; sourceTree = "<group>"; };
		7D93B87B1ACFDD2900453452 /* Meizi.m */ = {isa = PBXFileReference; fileEncoding = 4; lastKnownFileType = sourcecode.c.objc; path = Meizi.m; sourceTree = "<group>"; };
		7DBA58FE1CF8297D00014AA7 /* SYNavigationDropdownMenu.h */ = {isa = PBXFileReference; fileEncoding = 4; lastKnownFileType = sourcecode.c.h; path = SYNavigationDropdownMenu.h; sourceTree = "<group>"; };
		7DBA58FF1CF8297D00014AA7 /* SYNavigationDropdownMenu.m */ = {isa = PBXFileReference; fileEncoding = 4; lastKnownFileType = sourcecode.c.objc; path = SYNavigationDropdownMenu.m; sourceTree = "<group>"; };
		7DEC22411E14C0640025EDB6 /* CacheSizeLabel.h */ = {isa = PBXFileReference; fileEncoding = 4; lastKnownFileType = sourcecode.c.h; path = CacheSizeLabel.h; sourceTree = "<group>"; };
		7DEC22421E14C0640025EDB6 /* CacheSizeLabel.m */ = {isa = PBXFileReference; fileEncoding = 4; lastKnownFileType = sourcecode.c.objc; path = CacheSizeLabel.m; sourceTree = "<group>"; };
		7DEC22671E14F0C20025EDB6 /* CacheSizeLabel+Manager.h */ = {isa = PBXFileReference; fileEncoding = 4; lastKnownFileType = sourcecode.c.h; path = "CacheSizeLabel+Manager.h"; sourceTree = "<group>"; };
		7DEC22681E14F0C20025EDB6 /* CacheSizeLabel+Manager.m */ = {isa = PBXFileReference; fileEncoding = 4; lastKnownFileType = sourcecode.c.objc; path = "CacheSizeLabel+Manager.m"; sourceTree = "<group>"; };
		984A8C8F98D66E63CB10F4CE /* libPods-Meizi.a */ = {isa = PBXFileReference; explicitFileType = archive.ar; includeInIndex = 0; path = "libPods-Meizi.a"; sourceTree = BUILT_PRODUCTS_DIR; };
		E32FE7C61CF5DA83004655AB /* Launch Screen.storyboard */ = {isa = PBXFileReference; fileEncoding = 4; lastKnownFileType = file.storyboard; path = "Launch Screen.storyboard"; sourceTree = "<group>"; };
		ECE2539F6E6BCBEC10438D3A /* Pods-Meizi.debug.xcconfig */ = {isa = PBXFileReference; includeInIndex = 1; lastKnownFileType = text.xcconfig; name = "Pods-Meizi.debug.xcconfig"; path = "Pods/Target Support Files/Pods-Meizi/Pods-Meizi.debug.xcconfig"; sourceTree = "<group>"; };
/* End PBXFileReference section */

/* Begin PBXFrameworksBuildPhase section */
		7D93B8461ACFD7CF00453452 /* Frameworks */ = {
			isa = PBXFrameworksBuildPhase;
			buildActionMask = 2147483647;
			files = (
				8CC1A7B2217C26AF575414CE /* libPods-Meizi.a in Frameworks */,
			);
			runOnlyForDeploymentPostprocessing = 0;
		};
/* End PBXFrameworksBuildPhase section */

/* Begin PBXGroup section */
		7D2221171C780A5C00309078 /* Request */ = {
			isa = PBXGroup;
			children = (
				7D4375E31B5508D3001CEBC9 /* MeiziRequest.h */,
				7D4375E41B5508D3001CEBC9 /* MeiziRequest.m */,
			);
			name = Request;
			sourceTree = "<group>";
		};
		7D4375DC1B54FAFB001CEBC9 /* Module */ = {
			isa = PBXGroup;
			children = (
				7D4375DD1B54FB0F001CEBC9 /* Meizi */,
				7D8A0AA51B58B46F001EDD42 /* Setting */,
			);
			name = Module;
			sourceTree = "<group>";
		};
		7D4375DD1B54FB0F001CEBC9 /* Meizi */ = {
			isa = PBXGroup;
			children = (
				7D2221171C780A5C00309078 /* Request */,
				7D4375E91B550BCB001CEBC9 /* View */,
				7D4375DF1B54FB4F001CEBC9 /* Model */,
				7D4375DE1B54FB4A001CEBC9 /* Controller */,
			);
			name = Meizi;
			sourceTree = "<group>";
		};
		7D4375DE1B54FB4A001CEBC9 /* Controller */ = {
			isa = PBXGroup;
			children = (
				7D4375E01B54FB72001CEBC9 /* MeiziViewController.h */,
				7D4375E11B54FB72001CEBC9 /* MeiziViewController.m */,
			);
			name = Controller;
			sourceTree = "<group>";
		};
		7D4375DF1B54FB4F001CEBC9 /* Model */ = {
			isa = PBXGroup;
			children = (
				7D93B87A1ACFDD2900453452 /* Meizi.h */,
				7D93B87B1ACFDD2900453452 /* Meizi.m */,
			);
			name = Model;
			sourceTree = "<group>";
		};
		7D4375E91B550BCB001CEBC9 /* View */ = {
			isa = PBXGroup;
			children = (
				7D4375E61B550BC6001CEBC9 /* MeiziCell.h */,
				7D4375E71B550BC6001CEBC9 /* MeiziCell.m */,
			);
			name = View;
			sourceTree = "<group>";
		};
		7D760CBD1CAE81FF009A295C /* SYNetwork */ = {
			isa = PBXGroup;
			children = (
				7D75F9781CAF5EFE00D703E3 /* SYNetwork.h */,
				7D75F9791CAF5EFE00D703E3 /* SYNetworkUtil.h */,
				7D75F97A1CAF5EFE00D703E3 /* SYNetworkUtil.m */,
				7D75F97B1CAF5EFE00D703E3 /* SYNetworkConfig.h */,
				7D75F97C1CAF5EFE00D703E3 /* SYNetworkConfig.m */,
				7D75F97D1CAF5EFE00D703E3 /* SYNetworkCacheManager.h */,
				7D75F97E1CAF5EFE00D703E3 /* SYNetworkCacheManager.m */,
				7D75F97F1CAF5EFE00D703E3 /* SYBaseRequest.h */,
				7D75F9801CAF5EFE00D703E3 /* SYBaseRequest.m */,
				7D75F9811CAF5EFE00D703E3 /* SYNetworkManager.h */,
				7D75F9821CAF5EFE00D703E3 /* SYNetworkManager.m */,
				7D75F9831CAF5EFE00D703E3 /* SYBatchRequest.h */,
				7D75F9841CAF5EFE00D703E3 /* SYBatchRequest.m */,
				7D75F9851CAF5EFE00D703E3 /* SYBatchRequestManager.h */,
				7D75F9861CAF5EFE00D703E3 /* SYBatchRequestManager.m */,
				7D75F9871CAF5EFE00D703E3 /* SYChainRequest.h */,
				7D75F9881CAF5EFE00D703E3 /* SYChainRequest.m */,
				7D75F9891CAF5EFE00D703E3 /* SYChainRequestManager.h */,
				7D75F98A1CAF5EFE00D703E3 /* SYChainRequestManager.m */,
			);
			path = SYNetwork;
			sourceTree = "<group>";
		};
		7D8A0AA51B58B46F001EDD42 /* Setting */ = {
			isa = PBXGroup;
			children = (
				7DEC22401E14C04C0025EDB6 /* View */,
				7D8A0AA91B58B6FB001EDD42 /* Controller */,
			);
			name = Setting;
			sourceTree = "<group>";
		};
		7D8A0AA91B58B6FB001EDD42 /* Controller */ = {
			isa = PBXGroup;
			children = (
				7D8A0AA61B58B482001EDD42 /* SettingViewController.h */,
				7D8A0AA71B58B482001EDD42 /* SettingViewController.m */,
			);
			name = Controller;
			sourceTree = "<group>";
		};
		7D93B8401ACFD7CF00453452 = {
			isa = PBXGroup;
			children = (
				7D93B84B1ACFD7CF00453452 /* Meizi */,
				7D93B84A1ACFD7CF00453452 /* Products */,
				940C52151A47AC0D1708C970 /* Pods */,
				8D47641333BA4CCE94A6E92C /* Frameworks */,
			);
			sourceTree = "<group>";
		};
		7D93B84A1ACFD7CF00453452 /* Products */ = {
			isa = PBXGroup;
			children = (
				7D93B8491ACFD7CF00453452 /* Meizi.app */,
			);
			name = Products;
			sourceTree = "<group>";
		};
		7D93B84B1ACFD7CF00453452 /* Meizi */ = {
			isa = PBXGroup;
			children = (
				7D93B8501ACFD7CF00453452 /* AppDelegate.h */,
				7D93B8511ACFD7CF00453452 /* AppDelegate.m */,
				E32FE7C61CF5DA83004655AB /* Launch Screen.storyboard */,
				7D8910AE1E174B1900C481F2 /* Main.storyboard */,
				7D93B8591ACFD7CF00453452 /* Images.xcassets */,
				7D4375DC1B54FAFB001CEBC9 /* Module */,
				7D93B8721ACFD9CE00453452 /* Vendor */,
				7D93B84C1ACFD7CF00453452 /* Supporting Files */,
			);
			path = Meizi;
			sourceTree = "<group>";
		};
		7D93B84C1ACFD7CF00453452 /* Supporting Files */ = {
			isa = PBXGroup;
			children = (
				7D93B84D1ACFD7CF00453452 /* Info.plist */,
				7D93B84E1ACFD7CF00453452 /* main.m */,
				7D465E5D1AD03D5F00D68ED7 /* PrefixHeader.pch */,
			);
			name = "Supporting Files";
			sourceTree = "<group>";
		};
		7D93B8721ACFD9CE00453452 /* Vendor */ = {
			isa = PBXGroup;
			children = (
				E3ECDA4C1CF760200064913E /* SYNavigationDropdownMenu */,
				7D760CBD1CAE81FF009A295C /* SYNetwork */,
			);
			name = Vendor;
			sourceTree = "<group>";
		};
		7DEC22401E14C04C0025EDB6 /* View */ = {
			isa = PBXGroup;
			children = (
				7DEC22411E14C0640025EDB6 /* CacheSizeLabel.h */,
				7DEC22421E14C0640025EDB6 /* CacheSizeLabel.m */,
				7DEC22671E14F0C20025EDB6 /* CacheSizeLabel+Manager.h */,
				7DEC22681E14F0C20025EDB6 /* CacheSizeLabel+Manager.m */,
			);
			name = View;
			sourceTree = "<group>";
		};
		8D47641333BA4CCE94A6E92C /* Frameworks */ = {
			isa = PBXGroup;
			children = (
				984A8C8F98D66E63CB10F4CE /* libPods-Meizi.a */,
			);
			name = Frameworks;
			sourceTree = "<group>";
		};
		940C52151A47AC0D1708C970 /* Pods */ = {
			isa = PBXGroup;
			children = (
				ECE2539F6E6BCBEC10438D3A /* Pods-Meizi.debug.xcconfig */,
				5A4C5BD92C73BE61966DCAAD /* Pods-Meizi.release.xcconfig */,
			);
			name = Pods;
			sourceTree = "<group>";
		};
		E3ECDA4C1CF760200064913E /* SYNavigationDropdownMenu */ = {
			isa = PBXGroup;
			children = (
				7DBA58FE1CF8297D00014AA7 /* SYNavigationDropdownMenu.h */,
				7DBA58FF1CF8297D00014AA7 /* SYNavigationDropdownMenu.m */,
			);
			path = SYNavigationDropdownMenu;
			sourceTree = "<group>";
		};
/* End PBXGroup section */

/* Begin PBXNativeTarget section */
		7D93B8481ACFD7CF00453452 /* Meizi */ = {
			isa = PBXNativeTarget;
			buildConfigurationList = 7D93B86C1ACFD7CF00453452 /* Build configuration list for PBXNativeTarget "Meizi" */;
			buildPhases = (
				61AE54FB3B68113E22673E1D /* [CP] Check Pods Manifest.lock */,
				7D93B8451ACFD7CF00453452 /* Sources */,
				7D93B8461ACFD7CF00453452 /* Frameworks */,
				7D93B8471ACFD7CF00453452 /* Resources */,
				16E4F3FEC588B28EC4EE5871 /* [CP] Embed Pods Frameworks */,
				94D4F5326279DD14C48487E8 /* [CP] Copy Pods Resources */,
			);
			buildRules = (
			);
			dependencies = (
			);
			name = Meizi;
			productName = Meizi;
			productReference = 7D93B8491ACFD7CF00453452 /* Meizi.app */;
			productType = "com.apple.product-type.application";
		};
/* End PBXNativeTarget section */

/* Begin PBXProject section */
		7D93B8411ACFD7CF00453452 /* Project object */ = {
			isa = PBXProject;
			attributes = {
				LastUpgradeCheck = 0800;
				ORGANIZATIONNAME = Sunnyyoung;
				TargetAttributes = {
					7D93B8481ACFD7CF00453452 = {
						CreatedOnToolsVersion = 6.2;
					};
				};
			};
			buildConfigurationList = 7D93B8441ACFD7CF00453452 /* Build configuration list for PBXProject "Meizi" */;
			compatibilityVersion = "Xcode 3.2";
			developmentRegion = English;
			hasScannedForEncodings = 0;
			knownRegions = (
				en,
			);
			mainGroup = 7D93B8401ACFD7CF00453452;
			productRefGroup = 7D93B84A1ACFD7CF00453452 /* Products */;
			projectDirPath = "";
			projectRoot = "";
			targets = (
				7D93B8481ACFD7CF00453452 /* Meizi */,
			);
		};
/* End PBXProject section */

/* Begin PBXResourcesBuildPhase section */
		7D93B8471ACFD7CF00453452 /* Resources */ = {
			isa = PBXResourcesBuildPhase;
			buildActionMask = 2147483647;
			files = (
				7D8910AF1E174B1900C481F2 /* Main.storyboard in Resources */,
				E32FE7C71CF5DA83004655AB /* Launch Screen.storyboard in Resources */,
				7D93B85A1ACFD7CF00453452 /* Images.xcassets in Resources */,
			);
			runOnlyForDeploymentPostprocessing = 0;
		};
/* End PBXResourcesBuildPhase section */

/* Begin PBXShellScriptBuildPhase section */
		16E4F3FEC588B28EC4EE5871 /* [CP] Embed Pods Frameworks */ = {
			isa = PBXShellScriptBuildPhase;
			buildActionMask = 2147483647;
			files = (
			);
			inputPaths = (
			);
			name = "[CP] Embed Pods Frameworks";
			outputPaths = (
			);
			runOnlyForDeploymentPostprocessing = 0;
			shellPath = /bin/sh;
			shellScript = "\"${SRCROOT}/Pods/Target Support Files/Pods-Meizi/Pods-Meizi-frameworks.sh\"\n";
			showEnvVarsInLog = 0;
		};
		61AE54FB3B68113E22673E1D /* [CP] Check Pods Manifest.lock */ = {
			isa = PBXShellScriptBuildPhase;
			buildActionMask = 2147483647;
			files = (
			);
			inputPaths = (
			);
			name = "[CP] Check Pods Manifest.lock";
			outputPaths = (
			);
			runOnlyForDeploymentPostprocessing = 0;
			shellPath = /bin/sh;
			shellScript = "diff \"${PODS_ROOT}/../Podfile.lock\" \"${PODS_ROOT}/Manifest.lock\" > /dev/null\nif [[ $? != 0 ]] ; then\n    cat << EOM\nerror: The sandbox is not in sync with the Podfile.lock. Run 'pod install' or update your CocoaPods installation.\nEOM\n    exit 1\nfi\n";
			showEnvVarsInLog = 0;
		};
		94D4F5326279DD14C48487E8 /* [CP] Copy Pods Resources */ = {
			isa = PBXShellScriptBuildPhase;
			buildActionMask = 2147483647;
			files = (
			);
			inputPaths = (
			);
			name = "[CP] Copy Pods Resources";
			outputPaths = (
			);
			runOnlyForDeploymentPostprocessing = 0;
			shellPath = /bin/sh;
			shellScript = "\"${SRCROOT}/Pods/Target Support Files/Pods-Meizi/Pods-Meizi-resources.sh\"\n";
			showEnvVarsInLog = 0;
		};
/* End PBXShellScriptBuildPhase section */

/* Begin PBXSourcesBuildPhase section */
		7D93B8451ACFD7CF00453452 /* Sources */ = {
			isa = PBXSourcesBuildPhase;
			buildActionMask = 2147483647;
			files = (
				7DEC22691E14F0C20025EDB6 /* CacheSizeLabel+Manager.m in Sources */,
				7D93B87C1ACFDD2900453452 /* Meizi.m in Sources */,
				7DBA59001CF8297D00014AA7 /* SYNavigationDropdownMenu.m in Sources */,
				7D75F98F1CAF5EFE00D703E3 /* SYNetworkManager.m in Sources */,
				7D75F9901CAF5EFE00D703E3 /* SYBatchRequest.m in Sources */,
				7D75F9921CAF5EFE00D703E3 /* SYChainRequest.m in Sources */,
				7D75F98B1CAF5EFE00D703E3 /* SYNetworkUtil.m in Sources */,
				7D4375E21B54FB72001CEBC9 /* MeiziViewController.m in Sources */,
				7D93B8521ACFD7CF00453452 /* AppDelegate.m in Sources */,
				7DEC22431E14C0640025EDB6 /* CacheSizeLabel.m in Sources */,
				7D75F98D1CAF5EFE00D703E3 /* SYNetworkCacheManager.m in Sources */,
				7D75F9931CAF5EFE00D703E3 /* SYChainRequestManager.m in Sources */,
				7D93B84F1ACFD7CF00453452 /* main.m in Sources */,
				7D75F98E1CAF5EFE00D703E3 /* SYBaseRequest.m in Sources */,
				7D75F9911CAF5EFE00D703E3 /* SYBatchRequestManager.m in Sources */,
				7D4375E81B550BC6001CEBC9 /* MeiziCell.m in Sources */,
				7D4375E51B5508D3001CEBC9 /* MeiziRequest.m in Sources */,
				7D8A0AA81B58B482001EDD42 /* SettingViewController.m in Sources */,
				7D75F98C1CAF5EFE00D703E3 /* SYNetworkConfig.m in Sources */,
			);
			runOnlyForDeploymentPostprocessing = 0;
		};
/* End PBXSourcesBuildPhase section */

/* Begin XCBuildConfiguration section */
		7D93B86A1ACFD7CF00453452 /* Debug */ = {
			isa = XCBuildConfiguration;
			buildSettings = {
				ALWAYS_SEARCH_USER_PATHS = NO;
				CLANG_CXX_LANGUAGE_STANDARD = "gnu++0x";
				CLANG_CXX_LIBRARY = "libc++";
				CLANG_ENABLE_MODULES = YES;
				CLANG_ENABLE_OBJC_ARC = YES;
				CLANG_WARN_BOOL_CONVERSION = YES;
				CLANG_WARN_CONSTANT_CONVERSION = YES;
				CLANG_WARN_DIRECT_OBJC_ISA_USAGE = YES_ERROR;
				CLANG_WARN_EMPTY_BODY = YES;
				CLANG_WARN_ENUM_CONVERSION = YES;
				CLANG_WARN_INFINITE_RECURSION = YES;
				CLANG_WARN_INT_CONVERSION = YES;
				CLANG_WARN_OBJC_ROOT_CLASS = YES_ERROR;
				CLANG_WARN_SUSPICIOUS_MOVE = YES;
				CLANG_WARN_UNREACHABLE_CODE = YES;
				CLANG_WARN__DUPLICATE_METHOD_MATCH = YES;
				"CODE_SIGN_IDENTITY[sdk=iphoneos*]" = "iPhone Developer";
				COPY_PHASE_STRIP = NO;
				ENABLE_STRICT_OBJC_MSGSEND = YES;
				ENABLE_TESTABILITY = YES;
				GCC_C_LANGUAGE_STANDARD = gnu99;
				GCC_DYNAMIC_NO_PIC = NO;
				GCC_NO_COMMON_BLOCKS = YES;
				GCC_OPTIMIZATION_LEVEL = 0;
				GCC_PREPROCESSOR_DEFINITIONS = (
					"DEBUG=1",
					"$(inherited)",
				);
				GCC_SYMBOLS_PRIVATE_EXTERN = NO;
				GCC_WARN_64_TO_32_BIT_CONVERSION = YES;
				GCC_WARN_ABOUT_RETURN_TYPE = YES_ERROR;
				GCC_WARN_UNDECLARED_SELECTOR = YES;
				GCC_WARN_UNINITIALIZED_AUTOS = YES_AGGRESSIVE;
				GCC_WARN_UNUSED_FUNCTION = YES;
				GCC_WARN_UNUSED_VARIABLE = YES;
				IPHONEOS_DEPLOYMENT_TARGET = 10.2;
				MTL_ENABLE_DEBUG_INFO = YES;
				ONLY_ACTIVE_ARCH = YES;
				SDKROOT = iphoneos;
			};
			name = Debug;
		};
		7D93B86B1ACFD7CF00453452 /* Release */ = {
			isa = XCBuildConfiguration;
			buildSettings = {
				ALWAYS_SEARCH_USER_PATHS = NO;
				CLANG_CXX_LANGUAGE_STANDARD = "gnu++0x";
				CLANG_CXX_LIBRARY = "libc++";
				CLANG_ENABLE_MODULES = YES;
				CLANG_ENABLE_OBJC_ARC = YES;
				CLANG_WARN_BOOL_CONVERSION = YES;
				CLANG_WARN_CONSTANT_CONVERSION = YES;
				CLANG_WARN_DIRECT_OBJC_ISA_USAGE = YES_ERROR;
				CLANG_WARN_EMPTY_BODY = YES;
				CLANG_WARN_ENUM_CONVERSION = YES;
				CLANG_WARN_INFINITE_RECURSION = YES;
				CLANG_WARN_INT_CONVERSION = YES;
				CLANG_WARN_OBJC_ROOT_CLASS = YES_ERROR;
				CLANG_WARN_SUSPICIOUS_MOVE = YES;
				CLANG_WARN_UNREACHABLE_CODE = YES;
				CLANG_WARN__DUPLICATE_METHOD_MATCH = YES;
				"CODE_SIGN_IDENTITY[sdk=iphoneos*]" = "iPhone Developer";
				COPY_PHASE_STRIP = NO;
				ENABLE_NS_ASSERTIONS = NO;
				ENABLE_STRICT_OBJC_MSGSEND = YES;
				GCC_C_LANGUAGE_STANDARD = gnu99;
				GCC_NO_COMMON_BLOCKS = YES;
				GCC_WARN_64_TO_32_BIT_CONVERSION = YES;
				GCC_WARN_ABOUT_RETURN_TYPE = YES_ERROR;
				GCC_WARN_UNDECLARED_SELECTOR = YES;
				GCC_WARN_UNINITIALIZED_AUTOS = YES_AGGRESSIVE;
				GCC_WARN_UNUSED_FUNCTION = YES;
				GCC_WARN_UNUSED_VARIABLE = YES;
				IPHONEOS_DEPLOYMENT_TARGET = 10.2;
				MTL_ENABLE_DEBUG_INFO = NO;
				SDKROOT = iphoneos;
				VALIDATE_PRODUCT = YES;
			};
			name = Release;
		};
		7D93B86D1ACFD7CF00453452 /* Debug */ = {
			isa = XCBuildConfiguration;
			baseConfigurationReference = ECE2539F6E6BCBEC10438D3A /* Pods-Meizi.debug.xcconfig */;
			buildSettings = {
				ASSETCATALOG_COMPILER_APPICON_NAME = AppIcon;
				DEVELOPMENT_TEAM = "";
				GCC_PRECOMPILE_PREFIX_HEADER = YES;
				GCC_PREFIX_HEADER = "$(SRCROOT)/Meizi/PrefixHeader.pch";
				INFOPLIST_FILE = Meizi/Info.plist;
				IPHONEOS_DEPLOYMENT_TARGET = 8.0;
				LD_RUNPATH_SEARCH_PATHS = "$(inherited) @executable_path/Frameworks";
				PRODUCT_BUNDLE_IDENTIFIER = "net.sunnyyoung.$(PRODUCT_NAME:rfc1034identifier)";
				PRODUCT_NAME = "$(TARGET_NAME)";
				TARGETED_DEVICE_FAMILY = "1,2";
			};
			name = Debug;
		};
		7D93B86E1ACFD7CF00453452 /* Release */ = {
			isa = XCBuildConfiguration;
			baseConfigurationReference = 5A4C5BD92C73BE61966DCAAD /* Pods-Meizi.release.xcconfig */;
			buildSettings = {
				ASSETCATALOG_COMPILER_APPICON_NAME = AppIcon;
				DEVELOPMENT_TEAM = "";
				GCC_PRECOMPILE_PREFIX_HEADER = YES;
				GCC_PREFIX_HEADER = "$(SRCROOT)/Meizi/PrefixHeader.pch";
				INFOPLIST_FILE = Meizi/Info.plist;
				IPHONEOS_DEPLOYMENT_TARGET = 8.0;
				LD_RUNPATH_SEARCH_PATHS = "$(inherited) @executable_path/Frameworks";
				PRODUCT_BUNDLE_IDENTIFIER = "net.sunnyyoung.$(PRODUCT_NAME:rfc1034identifier)";
				PRODUCT_NAME = "$(TARGET_NAME)";
				TARGETED_DEVICE_FAMILY = "1,2";
			};
			name = Release;
		};
/* End XCBuildConfiguration section */

/* Begin XCConfigurationList section */
		7D93B8441ACFD7CF00453452 /* Build configuration list for PBXProject "Meizi" */ = {
			isa = XCConfigurationList;
			buildConfigurations = (
				7D93B86A1ACFD7CF00453452 /* Debug */,
				7D93B86B1ACFD7CF00453452 /* Release */,
			);
			defaultConfigurationIsVisible = 0;
			defaultConfigurationName = Release;
		};
		7D93B86C1ACFD7CF00453452 /* Build configuration list for PBXNativeTarget "Meizi" */ = {
			isa = XCConfigurationList;
			buildConfigurations = (
				7D93B86D1ACFD7CF00453452 /* Debug */,
				7D93B86E1ACFD7CF00453452 /* Release */,
			);
			defaultConfigurationIsVisible = 0;
			defaultConfigurationName = Release;
		};
/* End XCConfigurationList section */
	};
	rootObject = 7D93B8411ACFD7CF00453452 /* Project object */;
}
