// !$*UTF8*$!
{
	archiveVersion = 1;
	classes = {
	};
	objectVersion = 46;
	objects = {

/* Begin PBXBuildFile section */
		7D00B60A1AD43B950069D18E /* LeftMenuViewController.m in Sources */ = {isa = PBXBuildFile; fileRef = 7D00B6091AD43B950069D18E /* LeftMenuViewController.m */; };
		7D93B84F1ACFD7CF00453452 /* main.m in Sources */ = {isa = PBXBuildFile; fileRef = 7D93B84E1ACFD7CF00453452 /* main.m */; };
		7D93B8521ACFD7CF00453452 /* AppDelegate.m in Sources */ = {isa = PBXBuildFile; fileRef = 7D93B8511ACFD7CF00453452 /* AppDelegate.m */; };
		7D93B8581ACFD7CF00453452 /* Main.storyboard in Resources */ = {isa = PBXBuildFile; fileRef = 7D93B8561ACFD7CF00453452 /* Main.storyboard */; };
		7D93B85A1ACFD7CF00453452 /* Images.xcassets in Resources */ = {isa = PBXBuildFile; fileRef = 7D93B8591ACFD7CF00453452 /* Images.xcassets */; };
		7D93B8691ACFD7CF00453452 /* MeiziTests.m in Sources */ = {isa = PBXBuildFile; fileRef = 7D93B8681ACFD7CF00453452 /* MeiziTests.m */; };
		7D93B8791ACFDA8600453452 /* Network.m in Sources */ = {isa = PBXBuildFile; fileRef = 7D93B8781ACFDA8600453452 /* Network.m */; };
		7D93B87C1ACFDD2900453452 /* Meizi.m in Sources */ = {isa = PBXBuildFile; fileRef = 7D93B87B1ACFDD2900453452 /* Meizi.m */; };
		7D93B87F1ACFEA2700453452 /* MainViewController.m in Sources */ = {isa = PBXBuildFile; fileRef = 7D93B87E1ACFEA2700453452 /* MainViewController.m */; };
		7D93B8821ACFED2600453452 /* MeiziCell.m in Sources */ = {isa = PBXBuildFile; fileRef = 7D93B8811ACFED2600453452 /* MeiziCell.m */; };
		E07A9DDEC7193BA0132EB02F /* libPods.a in Frameworks */ = {isa = PBXBuildFile; fileRef = 77EACF44A594DBA190E5C5FF /* libPods.a */; };
/* End PBXBuildFile section */

/* Begin PBXContainerItemProxy section */
		7D93B8631ACFD7CF00453452 /* PBXContainerItemProxy */ = {
			isa = PBXContainerItemProxy;
			containerPortal = 7D93B8411ACFD7CF00453452 /* Project object */;
			proxyType = 1;
			remoteGlobalIDString = 7D93B8481ACFD7CF00453452;
			remoteInfo = Meizi;
		};
/* End PBXContainerItemProxy section */

/* Begin PBXFileReference section */
		24BB35E908950D1B8B54B819 /* Pods.debug.xcconfig */ = {isa = PBXFileReference; includeInIndex = 1; lastKnownFileType = text.xcconfig; name = Pods.debug.xcconfig; path = "Pods/Target Support Files/Pods/Pods.debug.xcconfig"; sourceTree = "<group>"; };
		43966589E761DE4F7CE925C0 /* Pods.release.xcconfig */ = {isa = PBXFileReference; includeInIndex = 1; lastKnownFileType = text.xcconfig; name = Pods.release.xcconfig; path = "Pods/Target Support Files/Pods/Pods.release.xcconfig"; sourceTree = "<group>"; };
		77EACF44A594DBA190E5C5FF /* libPods.a */ = {isa = PBXFileReference; explicitFileType = archive.ar; includeInIndex = 0; path = libPods.a; sourceTree = BUILT_PRODUCTS_DIR; };
		7D00B6081AD43B950069D18E /* LeftMenuViewController.h */ = {isa = PBXFileReference; fileEncoding = 4; lastKnownFileType = sourcecode.c.h; path = LeftMenuViewController.h; sourceTree = "<group>"; };
		7D00B6091AD43B950069D18E /* LeftMenuViewController.m */ = {isa = PBXFileReference; fileEncoding = 4; lastKnownFileType = sourcecode.c.objc; path = LeftMenuViewController.m; sourceTree = "<group>"; };
		7D465E5D1AD03D5F00D68ED7 /* PrefixHeader.pch */ = {isa = PBXFileReference; lastKnownFileType = sourcecode.c.h; path = PrefixHeader.pch; sourceTree = "<group>"; };
		7D93B8491ACFD7CF00453452 /* Meizi.app */ = {isa = PBXFileReference; explicitFileType = wrapper.application; includeInIndex = 0; path = Meizi.app; sourceTree = BUILT_PRODUCTS_DIR; };
		7D93B84D1ACFD7CF00453452 /* Info.plist */ = {isa = PBXFileReference; lastKnownFileType = text.plist.xml; path = Info.plist; sourceTree = "<group>"; };
		7D93B84E1ACFD7CF00453452 /* main.m */ = {isa = PBXFileReference; lastKnownFileType = sourcecode.c.objc; path = main.m; sourceTree = "<group>"; };
		7D93B8501ACFD7CF00453452 /* AppDelegate.h */ = {isa = PBXFileReference; lastKnownFileType = sourcecode.c.h; path = AppDelegate.h; sourceTree = "<group>"; };
		7D93B8511ACFD7CF00453452 /* AppDelegate.m */ = {isa = PBXFileReference; lastKnownFileType = sourcecode.c.objc; path = AppDelegate.m; sourceTree = "<group>"; };
		7D93B8571ACFD7CF00453452 /* Base */ = {isa = PBXFileReference; lastKnownFileType = file.storyboard; name = Base; path = Base.lproj/Main.storyboard; sourceTree = "<group>"; };
		7D93B8591ACFD7CF00453452 /* Images.xcassets */ = {isa = PBXFileReference; lastKnownFileType = folder.assetcatalog; path = Images.xcassets; sourceTree = "<group>"; };
		7D93B8621ACFD7CF00453452 /* MeiziTests.xctest */ = {isa = PBXFileReference; explicitFileType = wrapper.cfbundle; includeInIndex = 0; path = MeiziTests.xctest; sourceTree = BUILT_PRODUCTS_DIR; };
		7D93B8671ACFD7CF00453452 /* Info.plist */ = {isa = PBXFileReference; lastKnownFileType = text.plist.xml; path = Info.plist; sourceTree = "<group>"; };
		7D93B8681ACFD7CF00453452 /* MeiziTests.m */ = {isa = PBXFileReference; lastKnownFileType = sourcecode.c.objc; path = MeiziTests.m; sourceTree = "<group>"; };
		7D93B8761ACFDA1F00453452 /* Constant.h */ = {isa = PBXFileReference; lastKnownFileType = sourcecode.c.h; path = Constant.h; sourceTree = "<group>"; };
		7D93B8771ACFDA8600453452 /* Network.h */ = {isa = PBXFileReference; fileEncoding = 4; lastKnownFileType = sourcecode.c.h; path = Network.h; sourceTree = "<group>"; };
		7D93B8781ACFDA8600453452 /* Network.m */ = {isa = PBXFileReference; fileEncoding = 4; lastKnownFileType = sourcecode.c.objc; path = Network.m; sourceTree = "<group>"; };
		7D93B87A1ACFDD2900453452 /* Meizi.h */ = {isa = PBXFileReference; fileEncoding = 4; lastKnownFileType = sourcecode.c.h; path = Meizi.h; sourceTree = "<group>"; };
		7D93B87B1ACFDD2900453452 /* Meizi.m */ = {isa = PBXFileReference; fileEncoding = 4; lastKnownFileType = sourcecode.c.objc; path = Meizi.m; sourceTree = "<group>"; };
		7D93B87D1ACFEA2700453452 /* MainViewController.h */ = {isa = PBXFileReference; fileEncoding = 4; lastKnownFileType = sourcecode.c.h; path = MainViewController.h; sourceTree = "<group>"; };
		7D93B87E1ACFEA2700453452 /* MainViewController.m */ = {isa = PBXFileReference; fileEncoding = 4; lastKnownFileType = sourcecode.c.objc; path = MainViewController.m; sourceTree = "<group>"; };
		7D93B8801ACFED2600453452 /* MeiziCell.h */ = {isa = PBXFileReference; fileEncoding = 4; lastKnownFileType = sourcecode.c.h; path = MeiziCell.h; sourceTree = "<group>"; };
		7D93B8811ACFED2600453452 /* MeiziCell.m */ = {isa = PBXFileReference; fileEncoding = 4; lastKnownFileType = sourcecode.c.objc; path = MeiziCell.m; sourceTree = "<group>"; };
/* End PBXFileReference section */

/* Begin PBXFrameworksBuildPhase section */
		7D93B8461ACFD7CF00453452 /* Frameworks */ = {
			isa = PBXFrameworksBuildPhase;
			buildActionMask = 2147483647;
			files = (
				E07A9DDEC7193BA0132EB02F /* libPods.a in Frameworks */,
			);
			runOnlyForDeploymentPostprocessing = 0;
		};
		7D93B85F1ACFD7CF00453452 /* Frameworks */ = {
			isa = PBXFrameworksBuildPhase;
			buildActionMask = 2147483647;
			files = (
			);
			runOnlyForDeploymentPostprocessing = 0;
		};
/* End PBXFrameworksBuildPhase section */

/* Begin PBXGroup section */
		62894ABC69E3FA73693CBE1C /* Frameworks */ = {
			isa = PBXGroup;
			children = (
				77EACF44A594DBA190E5C5FF /* libPods.a */,
			);
			name = Frameworks;
			sourceTree = "<group>";
		};
		7D93B8401ACFD7CF00453452 = {
			isa = PBXGroup;
			children = (
				7D93B84B1ACFD7CF00453452 /* Meizi */,
				7D93B8651ACFD7CF00453452 /* MeiziTests */,
				7D93B84A1ACFD7CF00453452 /* Products */,
				C6919C82553A09D6334AA21F /* Pods */,
				62894ABC69E3FA73693CBE1C /* Frameworks */,
			);
			sourceTree = "<group>";
		};
		7D93B84A1ACFD7CF00453452 /* Products */ = {
			isa = PBXGroup;
			children = (
				7D93B8491ACFD7CF00453452 /* Meizi.app */,
				7D93B8621ACFD7CF00453452 /* MeiziTests.xctest */,
			);
			name = Products;
			sourceTree = "<group>";
		};
		7D93B84B1ACFD7CF00453452 /* Meizi */ = {
			isa = PBXGroup;
			children = (
				7D93B8501ACFD7CF00453452 /* AppDelegate.h */,
				7D93B8511ACFD7CF00453452 /* AppDelegate.m */,
				7D93B8721ACFD9CE00453452 /* Util */,
				7D93B8751ACFD9E400453452 /* View */,
				7D93B8741ACFD9DE00453452 /* Model */,
				7D93B8731ACFD9D900453452 /* Controller */,
				7D93B8561ACFD7CF00453452 /* Main.storyboard */,
				7D93B8591ACFD7CF00453452 /* Images.xcassets */,
				7D93B84C1ACFD7CF00453452 /* Supporting Files */,
			);
			path = Meizi;
			sourceTree = "<group>";
		};
		7D93B84C1ACFD7CF00453452 /* Supporting Files */ = {
			isa = PBXGroup;
			children = (
				7D93B84D1ACFD7CF00453452 /* Info.plist */,
				7D93B84E1ACFD7CF00453452 /* main.m */,
				7D465E5D1AD03D5F00D68ED7 /* PrefixHeader.pch */,
			);
			name = "Supporting Files";
			sourceTree = "<group>";
		};
		7D93B8651ACFD7CF00453452 /* MeiziTests */ = {
			isa = PBXGroup;
			children = (
				7D93B8681ACFD7CF00453452 /* MeiziTests.m */,
				7D93B8661ACFD7CF00453452 /* Supporting Files */,
			);
			path = MeiziTests;
			sourceTree = "<group>";
		};
		7D93B8661ACFD7CF00453452 /* Supporting Files */ = {
			isa = PBXGroup;
			children = (
				7D93B8671ACFD7CF00453452 /* Info.plist */,
			);
			name = "Supporting Files";
			sourceTree = "<group>";
		};
		7D93B8721ACFD9CE00453452 /* Util */ = {
			isa = PBXGroup;
			children = (
				7D93B8761ACFDA1F00453452 /* Constant.h */,
				7D93B8771ACFDA8600453452 /* Network.h */,
				7D93B8781ACFDA8600453452 /* Network.m */,
			);
			name = Util;
			sourceTree = "<group>";
		};
		7D93B8731ACFD9D900453452 /* Controller */ = {
			isa = PBXGroup;
			children = (
				7D00B6081AD43B950069D18E /* LeftMenuViewController.h */,
				7D00B6091AD43B950069D18E /* LeftMenuViewController.m */,
				7D93B87D1ACFEA2700453452 /* MainViewController.h */,
				7D93B87E1ACFEA2700453452 /* MainViewController.m */,
			);
			name = Controller;
			sourceTree = "<group>";
		};
		7D93B8741ACFD9DE00453452 /* Model */ = {
			isa = PBXGroup;
			children = (
				7D93B87A1ACFDD2900453452 /* Meizi.h */,
				7D93B87B1ACFDD2900453452 /* Meizi.m */,
			);
			name = Model;
			sourceTree = "<group>";
		};
		7D93B8751ACFD9E400453452 /* View */ = {
			isa = PBXGroup;
			children = (
				7D93B8801ACFED2600453452 /* MeiziCell.h */,
				7D93B8811ACFED2600453452 /* MeiziCell.m */,
			);
			name = View;
			sourceTree = "<group>";
		};
		C6919C82553A09D6334AA21F /* Pods */ = {
			isa = PBXGroup;
			children = (
				24BB35E908950D1B8B54B819 /* Pods.debug.xcconfig */,
				43966589E761DE4F7CE925C0 /* Pods.release.xcconfig */,
			);
			name = Pods;
			sourceTree = "<group>";
		};
/* End PBXGroup section */

/* Begin PBXNativeTarget section */
		7D93B8481ACFD7CF00453452 /* Meizi */ = {
			isa = PBXNativeTarget;
			buildConfigurationList = 7D93B86C1ACFD7CF00453452 /* Build configuration list for PBXNativeTarget "Meizi" */;
			buildPhases = (
				30B4BF70FF517833B8A8ECBF /* Check Pods Manifest.lock */,
				7D93B8451ACFD7CF00453452 /* Sources */,
				7D93B8461ACFD7CF00453452 /* Frameworks */,
				7D93B8471ACFD7CF00453452 /* Resources */,
				152ED65C4E3F94F23828D1F8 /* Copy Pods Resources */,
			);
			buildRules = (
			);
			dependencies = (
			);
			name = Meizi;
			productName = Meizi;
			productReference = 7D93B8491ACFD7CF00453452 /* Meizi.app */;
			productType = "com.apple.product-type.application";
		};
		7D93B8611ACFD7CF00453452 /* MeiziTests */ = {
			isa = PBXNativeTarget;
			buildConfigurationList = 7D93B86F1ACFD7CF00453452 /* Build configuration list for PBXNativeTarget "MeiziTests" */;
			buildPhases = (
				7D93B85E1ACFD7CF00453452 /* Sources */,
				7D93B85F1ACFD7CF00453452 /* Frameworks */,
				7D93B8601ACFD7CF00453452 /* Resources */,
			);
			buildRules = (
			);
			dependencies = (
				7D93B8641ACFD7CF00453452 /* PBXTargetDependency */,
			);
			name = MeiziTests;
			productName = MeiziTests;
			productReference = 7D93B8621ACFD7CF00453452 /* MeiziTests.xctest */;
			productType = "com.apple.product-type.bundle.unit-test";
		};
/* End PBXNativeTarget section */

/* Begin PBXProject section */
		7D93B8411ACFD7CF00453452 /* Project object */ = {
			isa = PBXProject;
			attributes = {
				LastUpgradeCheck = 0620;
				ORGANIZATIONNAME = Sunnyyoung;
				TargetAttributes = {
					7D93B8481ACFD7CF00453452 = {
						CreatedOnToolsVersion = 6.2;
					};
					7D93B8611ACFD7CF00453452 = {
						CreatedOnToolsVersion = 6.2;
						TestTargetID = 7D93B8481ACFD7CF00453452;
					};
				};
			};
			buildConfigurationList = 7D93B8441ACFD7CF00453452 /* Build configuration list for PBXProject "Meizi" */;
			compatibilityVersion = "Xcode 3.2";
			developmentRegion = English;
			hasScannedForEncodings = 0;
			knownRegions = (
				en,
				Base,
			);
			mainGroup = 7D93B8401ACFD7CF00453452;
			productRefGroup = 7D93B84A1ACFD7CF00453452 /* Products */;
			projectDirPath = "";
			projectRoot = "";
			targets = (
				7D93B8481ACFD7CF00453452 /* Meizi */,
				7D93B8611ACFD7CF00453452 /* MeiziTests */,
			);
		};
/* End PBXProject section */

/* Begin PBXResourcesBuildPhase section */
		7D93B8471ACFD7CF00453452 /* Resources */ = {
			isa = PBXResourcesBuildPhase;
			buildActionMask = 2147483647;
			files = (
				7D93B8581ACFD7CF00453452 /* Main.storyboard in Resources */,
				7D93B85A1ACFD7CF00453452 /* Images.xcassets in Resources */,
			);
			runOnlyForDeploymentPostprocessing = 0;
		};
		7D93B8601ACFD7CF00453452 /* Resources */ = {
			isa = PBXResourcesBuildPhase;
			buildActionMask = 2147483647;
			files = (
			);
			runOnlyForDeploymentPostprocessing = 0;
		};
/* End PBXResourcesBuildPhase section */

/* Begin PBXShellScriptBuildPhase section */
		152ED65C4E3F94F23828D1F8 /* Copy Pods Resources */ = {
			isa = PBXShellScriptBuildPhase;
			buildActionMask = 2147483647;
			files = (
			);
			inputPaths = (
			);
			name = "Copy Pods Resources";
			outputPaths = (
			);
			runOnlyForDeploymentPostprocessing = 0;
			shellPath = /bin/sh;
			shellScript = "\"${SRCROOT}/Pods/Target Support Files/Pods/Pods-resources.sh\"\n";
			showEnvVarsInLog = 0;
		};
		30B4BF70FF517833B8A8ECBF /* Check Pods Manifest.lock */ = {
			isa = PBXShellScriptBuildPhase;
			buildActionMask = 2147483647;
			files = (
			);
			inputPaths = (
			);
			name = "Check Pods Manifest.lock";
			outputPaths = (
			);
			runOnlyForDeploymentPostprocessing = 0;
			shellPath = /bin/sh;
			shellScript = "diff \"${PODS_ROOT}/../Podfile.lock\" \"${PODS_ROOT}/Manifest.lock\" > /dev/null\nif [[ $? != 0 ]] ; then\n    cat << EOM\nerror: The sandbox is not in sync with the Podfile.lock. Run 'pod install' or update your CocoaPods installation.\nEOM\n    exit 1\nfi\n";
			showEnvVarsInLog = 0;
		};
/* End PBXShellScriptBuildPhase section */

/* Begin PBXSourcesBuildPhase section */
		7D93B8451ACFD7CF00453452 /* Sources */ = {
			isa = PBXSourcesBuildPhase;
			buildActionMask = 2147483647;
			files = (
				7D93B87C1ACFDD2900453452 /* Meizi.m in Sources */,
				7D93B8521ACFD7CF00453452 /* AppDelegate.m in Sources */,
				7D93B8791ACFDA8600453452 /* Network.m in Sources */,
				7D93B87F1ACFEA2700453452 /* MainViewController.m in Sources */,
				7D00B60A1AD43B950069D18E /* LeftMenuViewController.m in Sources */,
				7D93B8821ACFED2600453452 /* MeiziCell.m in Sources */,
				7D93B84F1ACFD7CF00453452 /* main.m in Sources */,
			);
			runOnlyForDeploymentPostprocessing = 0;
		};
		7D93B85E1ACFD7CF00453452 /* Sources */ = {
			isa = PBXSourcesBuildPhase;
			buildActionMask = 2147483647;
			files = (
				7D93B8691ACFD7CF00453452 /* MeiziTests.m in Sources */,
			);
			runOnlyForDeploymentPostprocessing = 0;
		};
/* End PBXSourcesBuildPhase section */

/* Begin PBXTargetDependency section */
		7D93B8641ACFD7CF00453452 /* PBXTargetDependency */ = {
			isa = PBXTargetDependency;
			target = 7D93B8481ACFD7CF00453452 /* Meizi */;
			targetProxy = 7D93B8631ACFD7CF00453452 /* PBXContainerItemProxy */;
		};
/* End PBXTargetDependency section */

/* Begin PBXVariantGroup section */
		7D93B8561ACFD7CF00453452 /* Main.storyboard */ = {
			isa = PBXVariantGroup;
			children = (
				7D93B8571ACFD7CF00453452 /* Base */,
			);
			name = Main.storyboard;
			sourceTree = "<group>";
		};
/* End PBXVariantGroup section */

/* Begin XCBuildConfiguration section */
		7D93B86A1ACFD7CF00453452 /* Debug */ = {
			isa = XCBuildConfiguration;
			buildSettings = {
				ALWAYS_SEARCH_USER_PATHS = NO;
				CLANG_CXX_LANGUAGE_STANDARD = "gnu++0x";
				CLANG_CXX_LIBRARY = "libc++";
				CLANG_ENABLE_MODULES = YES;
				CLANG_ENABLE_OBJC_ARC = YES;
				CLANG_WARN_BOOL_CONVERSION = YES;
				CLANG_WARN_CONSTANT_CONVERSION = YES;
				CLANG_WARN_DIRECT_OBJC_ISA_USAGE = YES_ERROR;
				CLANG_WARN_EMPTY_BODY = YES;
				CLANG_WARN_ENUM_CONVERSION = YES;
				CLANG_WARN_INT_CONVERSION = YES;
				CLANG_WARN_OBJC_ROOT_CLASS = YES_ERROR;
				CLANG_WARN_UNREACHABLE_CODE = YES;
				CLANG_WARN__DUPLICATE_METHOD_MATCH = YES;
				"CODE_SIGN_IDENTITY[sdk=iphoneos*]" = "iPhone Developer";
				COPY_PHASE_STRIP = NO;
				ENABLE_STRICT_OBJC_MSGSEND = YES;
				GCC_C_LANGUAGE_STANDARD = gnu99;
				GCC_DYNAMIC_NO_PIC = NO;
				GCC_OPTIMIZATION_LEVEL = 0;
				GCC_PREPROCESSOR_DEFINITIONS = (
					"DEBUG=1",
					"$(inherited)",
				);
				GCC_SYMBOLS_PRIVATE_EXTERN = NO;
				GCC_WARN_64_TO_32_BIT_CONVERSION = YES;
				GCC_WARN_ABOUT_RETURN_TYPE = YES_ERROR;
				GCC_WARN_UNDECLARED_SELECTOR = YES;
				GCC_WARN_UNINITIALIZED_AUTOS = YES_AGGRESSIVE;
				GCC_WARN_UNUSED_FUNCTION = YES;
				GCC_WARN_UNUSED_VARIABLE = YES;
				IPHONEOS_DEPLOYMENT_TARGET = 8.2;
				MTL_ENABLE_DEBUG_INFO = YES;
				ONLY_ACTIVE_ARCH = YES;
				SDKROOT = iphoneos;
			};
			name = Debug;
		};
		7D93B86B1ACFD7CF00453452 /* Release */ = {
			isa = XCBuildConfiguration;
			buildSettings = {
				ALWAYS_SEARCH_USER_PATHS = NO;
				CLANG_CXX_LANGUAGE_STANDARD = "gnu++0x";
				CLANG_CXX_LIBRARY = "libc++";
				CLANG_ENABLE_MODULES = YES;
				CLANG_ENABLE_OBJC_ARC = YES;
				CLANG_WARN_BOOL_CONVERSION = YES;
				CLANG_WARN_CONSTANT_CONVERSION = YES;
				CLANG_WARN_DIRECT_OBJC_ISA_USAGE = YES_ERROR;
				CLANG_WARN_EMPTY_BODY = YES;
				CLANG_WARN_ENUM_CONVERSION = YES;
				CLANG_WARN_INT_CONVERSION = YES;
				CLANG_WARN_OBJC_ROOT_CLASS = YES_ERROR;
				CLANG_WARN_UNREACHABLE_CODE = YES;
				CLANG_WARN__DUPLICATE_METHOD_MATCH = YES;
				"CODE_SIGN_IDENTITY[sdk=iphoneos*]" = "iPhone Developer";
				COPY_PHASE_STRIP = NO;
				ENABLE_NS_ASSERTIONS = NO;
				ENABLE_STRICT_OBJC_MSGSEND = YES;
				GCC_C_LANGUAGE_STANDARD = gnu99;
				GCC_WARN_64_TO_32_BIT_CONVERSION = YES;
				GCC_WARN_ABOUT_RETURN_TYPE = YES_ERROR;
				GCC_WARN_UNDECLARED_SELECTOR = YES;
				GCC_WARN_UNINITIALIZED_AUTOS = YES_AGGRESSIVE;
				GCC_WARN_UNUSED_FUNCTION = YES;
				GCC_WARN_UNUSED_VARIABLE = YES;
				IPHONEOS_DEPLOYMENT_TARGET = 8.2;
				MTL_ENABLE_DEBUG_INFO = NO;
				SDKROOT = iphoneos;
				VALIDATE_PRODUCT = YES;
			};
			name = Release;
		};
		7D93B86D1ACFD7CF00453452 /* Debug */ = {
			isa = XCBuildConfiguration;
			baseConfigurationReference = 24BB35E908950D1B8B54B819 /* Pods.debug.xcconfig */;
			buildSettings = {
				ASSETCATALOG_COMPILER_APPICON_NAME = AppIcon;
				ASSETCATALOG_COMPILER_LAUNCHIMAGE_NAME = LaunchImage;
				GCC_PRECOMPILE_PREFIX_HEADER = YES;
				GCC_PREFIX_HEADER = "$(SRCROOT)/Meizi/PrefixHeader.pch";
				INFOPLIST_FILE = Meizi/Info.plist;
				IPHONEOS_DEPLOYMENT_TARGET = 7.0;
				LD_RUNPATH_SEARCH_PATHS = "$(inherited) @executable_path/Frameworks";
				PRODUCT_NAME = "$(TARGET_NAME)";
				TARGETED_DEVICE_FAMILY = 1;
			};
			name = Debug;
		};
		7D93B86E1ACFD7CF00453452 /* Release */ = {
			isa = XCBuildConfiguration;
			baseConfigurationReference = 43966589E761DE4F7CE925C0 /* Pods.release.xcconfig */;
			buildSettings = {
				ASSETCATALOG_COMPILER_APPICON_NAME = AppIcon;
				ASSETCATALOG_COMPILER_LAUNCHIMAGE_NAME = LaunchImage;
				GCC_PRECOMPILE_PREFIX_HEADER = YES;
				GCC_PREFIX_HEADER = "$(SRCROOT)/Meizi/PrefixHeader.pch";
				INFOPLIST_FILE = Meizi/Info.plist;
				IPHONEOS_DEPLOYMENT_TARGET = 7.0;
				LD_RUNPATH_SEARCH_PATHS = "$(inherited) @executable_path/Frameworks";
				PRODUCT_NAME = "$(TARGET_NAME)";
				TARGETED_DEVICE_FAMILY = 1;
			};
			name = Release;
		};
		7D93B8701ACFD7CF00453452 /* Debug */ = {
			isa = XCBuildConfiguration;
			buildSettings = {
				BUNDLE_LOADER = "$(TEST_HOST)";
				FRAMEWORK_SEARCH_PATHS = (
					"$(SDKROOT)/Developer/Library/Frameworks",
					"$(inherited)",
				);
				GCC_PREPROCESSOR_DEFINITIONS = (
					"DEBUG=1",
					"$(inherited)",
				);
				INFOPLIST_FILE = MeiziTests/Info.plist;
				LD_RUNPATH_SEARCH_PATHS = "$(inherited) @executable_path/Frameworks @loader_path/Frameworks";
				PRODUCT_NAME = "$(TARGET_NAME)";
				TEST_HOST = "$(BUILT_PRODUCTS_DIR)/Meizi.app/Meizi";
			};
			name = Debug;
		};
		7D93B8711ACFD7CF00453452 /* Release */ = {
			isa = XCBuildConfiguration;
			buildSettings = {
				BUNDLE_LOADER = "$(TEST_HOST)";
				FRAMEWORK_SEARCH_PATHS = (
					"$(SDKROOT)/Developer/Library/Frameworks",
					"$(inherited)",
				);
				INFOPLIST_FILE = MeiziTests/Info.plist;
				LD_RUNPATH_SEARCH_PATHS = "$(inherited) @executable_path/Frameworks @loader_path/Frameworks";
				PRODUCT_NAME = "$(TARGET_NAME)";
				TEST_HOST = "$(BUILT_PRODUCTS_DIR)/Meizi.app/Meizi";
			};
			name = Release;
		};
/* End XCBuildConfiguration section */

/* Begin XCConfigurationList section */
		7D93B8441ACFD7CF00453452 /* Build configuration list for PBXProject "Meizi" */ = {
			isa = XCConfigurationList;
			buildConfigurations = (
				7D93B86A1ACFD7CF00453452 /* Debug */,
				7D93B86B1ACFD7CF00453452 /* Release */,
			);
			defaultConfigurationIsVisible = 0;
			defaultConfigurationName = Release;
		};
		7D93B86C1ACFD7CF00453452 /* Build configuration list for PBXNativeTarget "Meizi" */ = {
			isa = XCConfigurationList;
			buildConfigurations = (
				7D93B86D1ACFD7CF00453452 /* Debug */,
				7D93B86E1ACFD7CF00453452 /* Release */,
			);
			defaultConfigurationIsVisible = 0;
			defaultConfigurationName = Release;
		};
		7D93B86F1ACFD7CF00453452 /* Build configuration list for PBXNativeTarget "MeiziTests" */ = {
			isa = XCConfigurationList;
			buildConfigurations = (
				7D93B8701ACFD7CF00453452 /* Debug */,
				7D93B8711ACFD7CF00453452 /* Release */,
			);
			defaultConfigurationIsVisible = 0;
			defaultConfigurationName = Release;
		};
/* End XCConfigurationList section */
	};
	rootObject = 7D93B8411ACFD7CF00453452 /* Project object */;
}
